Microsoft Visual Studio Solution File, Format Version 12.00
# Visual Studio Version 17
VisualStudioVersion = 17.5.2.0
MinimumVisualStudioVersion = 10.0.40219.1
Project("{2150E333-8FDC-42A3-9474-1A3956D46DE8}") = "eng", "eng", "{7525B257-249C-EE79-B10A-65D0BC27ABA9}"
EndProject
Project("{2150E333-8FDC-42A3-9474-1A3956D46DE8}") = "doc", "doc", "{6F7BC048-0A70-B1BE-8A35-89890EA57E92}"
EndProject
Project("{2150E333-8FDC-42A3-9474-1A3956D46DE8}") = "src", "src", "{827E0CD3-B72D-47B6-A68D-7590B98EB39B}"
EndProject
Project("{2150E333-8FDC-42A3-9474-1A3956D46DE8}") = "tools", "tools", "{07C2787E-EAC7-C090-1BA3-A61EC2A24D84}"
EndProject
Project("{FAE04EC0-301F-11D3-BF4B-00C04F79EFBC}") = "Pipelines", "eng\pipelines\Pipelines.csproj", "{9F369700-BAE8-0D8B-C3BC-D73712415005}"
EndProject
Project("{2150E333-8FDC-42A3-9474-1A3956D46DE8}") = "samples", "samples", "{D9B81C32-A654-EB83-D7F9-0E658B95090D}"
EndProject
Project("{FAE04EC0-301F-11D3-BF4B-00C04F79EFBC}") = "Microsoft.Data.SqlClient.Samples", "doc\samples\Microsoft.Data.SqlClient.Samples.csproj", "{1CC07713-BA37-EA97-5B23-9E403501A6DB}"
EndProject
Project("{FAE04EC0-301F-11D3-BF4B-00C04F79EFBC}") = "Microsoft.SqlServer.Server", "src\Microsoft.SqlServer.Server\Microsoft.SqlServer.Server.csproj", "{94FA9B94-7FD3-B733-70FB-657B177997A2}"
EndProject
Project("{2150E333-8FDC-42A3-9474-1A3956D46DE8}") = "GenAPI", "GenAPI", "{296DEAE1-77B8-1DE7-92FF-86529A8A17B7}"
EndProject
Project("{FAE04EC0-301F-11D3-BF4B-00C04F79EFBC}") = "Microsoft.Cci.Extensions", "tools\GenAPI\Microsoft.Cci.Extensions\Microsoft.Cci.Extensions.csproj", "{D661A026-AE73-0ACE-B432-BE77A5C8CBD1}"
EndProject
Project("{FAE04EC0-301F-11D3-BF4B-00C04F79EFBC}") = "Microsoft.DotNet.GenAPI", "tools\GenAPI\Microsoft.DotNet.GenAPI\Microsoft.DotNet.GenAPI.csproj", "{268BD887-45CF-4DA8-B94C-A8A9E2013F68}"
EndProject
Project("{2150E333-8FDC-42A3-9474-1A3956D46DE8}") = "apps", "apps", "{3D26AE23-53CC-1696-D32F-76D0B4BF1570}"
EndProject
Project("{FAE04EC0-301F-11D3-BF4B-00C04F79EFBC}") = "AzureAuthentication", "doc\apps\AzureAuthentication\AzureAuthentication.csproj", "{B18D2040-2725-CFDA-28CB-6A7713B1B5F7}"
EndProject
Project("{2150E333-8FDC-42A3-9474-1A3956D46DE8}") = "Microsoft.Data.SqlClient", "Microsoft.Data.SqlClient", "{31A34451-14C6-E18E-E5CF-732C202628B4}"
EndProject
Project("{2150E333-8FDC-42A3-9474-1A3956D46DE8}") = "ref", "ref", "{CE69B499-8E95-F93E-0C3A-C308A57BC045}"
EndProject
Project("{FAE04EC0-301F-11D3-BF4B-00C04F79EFBC}") = "Microsoft.Data.SqlClient", "src\Microsoft.Data.SqlClient\ref\Microsoft.Data.SqlClient.csproj", "{FA0AF787-78A5-85AF-3EFF-3326433D6CD2}"
EndProject
Project("{2150E333-8FDC-42A3-9474-1A3956D46DE8}") = "notsupported", "notsupported", "{1D82F1C5-51FB-1715-654E-65832BE3AB42}"
EndProject
Project("{FAE04EC0-301F-11D3-BF4B-00C04F79EFBC}") = "Microsoft.Data.SqlClient", "src\Microsoft.Data.SqlClient\notsupported\Microsoft.Data.SqlClient.csproj", "{E4217A25-EE9E-D803-AA88-ADA63D0DD118}"
EndProject
Project("{2150E333-8FDC-42A3-9474-1A3956D46DE8}") = "src", "src", "{39D8707B-3B78-24C3-2A49-96DBBD949BEE}"
EndProject
Project("{FAE04EC0-301F-11D3-BF4B-00C04F79EFBC}") = "Microsoft.Data.SqlClient", "src\Microsoft.Data.SqlClient\src\Microsoft.Data.SqlClient.csproj", "{34875F60-61C8-32BE-7E88-AB21F3D8DEE3}"
EndProject
Project("{2150E333-8FDC-42A3-9474-1A3956D46DE8}") = "Microsoft.Data.SqlClient.Extensions", "Microsoft.Data.SqlClient.Extensions", "{084015EA-3FB7-6865-4FF4-0589AE5E9520}"
EndProject
Project("{2150E333-8FDC-42A3-9474-1A3956D46DE8}") = "Azure", "Azure", "{1C578592-8FBD-0E24-9079-30D8E121CD81}"
EndProject
Project("{2150E333-8FDC-42A3-9474-1A3956D46DE8}") = "test", "test", "{F5B0917F-2892-7E08-C14E-E76E8DE6B05D}"
EndProject
Project("{FAE04EC0-301F-11D3-BF4B-00C04F79EFBC}") = "Azure.Test", "src\Microsoft.Data.SqlClient.Extensions\Azure\test\Azure.Test.csproj", "{E5010C9B-247F-9712-7929-4031007F8FAE}"
EndProject
Project("{2150E333-8FDC-42A3-9474-1A3956D46DE8}") = "src", "src", "{BD182A7F-86EB-9A20-E86B-1D45C3719D2E}"
EndProject
Project("{FAE04EC0-301F-11D3-BF4B-00C04F79EFBC}") = "Azure", "src\Microsoft.Data.SqlClient.Extensions\Azure\src\Azure.csproj", "{ED45B552-9BD1-BC95-67AD-E40C60394CAC}"
EndProject
Project("{2150E333-8FDC-42A3-9474-1A3956D46DE8}") = "Abstractions", "Abstractions", "{C7A2A93F-9202-5132-2EB1-871F279AA7E1}"
EndProject
Project("{2150E333-8FDC-42A3-9474-1A3956D46DE8}") = "test", "test", "{7F4B9BB7-35BB-1EB1-FB11-873FF6E16DDE}"
EndProject
Project("{FAE04EC0-301F-11D3-BF4B-00C04F79EFBC}") = "Abstractions.Test", "src\Microsoft.Data.SqlClient.Extensions\Abstractions\test\Abstractions.Test.csproj", "{DFEAEDD5-6F59-B123-C356-10F4D9D989AE}"
EndProject
Project("{2150E333-8FDC-42A3-9474-1A3956D46DE8}") = "src", "src", "{520DBFC9-7B52-5839-61E0-270DD496B653}"
EndProject
Project("{FAE04EC0-301F-11D3-BF4B-00C04F79EFBC}") = "Abstractions", "src\Microsoft.Data.SqlClient.Extensions\Abstractions\src\Abstractions.csproj", "{130A7323-A54D-34C7-F054-1494EABC6995}"
EndProject
Project("{2150E333-8FDC-42A3-9474-1A3956D46DE8}") = "Microsoft.Data.SqlClient.Internal", "Microsoft.Data.SqlClient.Internal", "{851FA9A0-28A4-E925-4BD9-10BB1436DFB1}"
EndProject
Project("{2150E333-8FDC-42A3-9474-1A3956D46DE8}") = "Logging", "Logging", "{5833A746-DA85-B967-571A-3E00A281E6E0}"
EndProject
Project("{2150E333-8FDC-42A3-9474-1A3956D46DE8}") = "src", "src", "{DF9CD139-9481-F039-515D-935EEF50AD2F}"
EndProject
Project("{FAE04EC0-301F-11D3-BF4B-00C04F79EFBC}") = "Logging", "src\Microsoft.Data.SqlClient.Internal\Logging\src\Logging.csproj", "{61B88BB2-92A0-A251-60E0-C2EFDD932F49}"
EndProject
Project("{2150E333-8FDC-42A3-9474-1A3956D46DE8}") = "netfx", "netfx", "{9AB33B16-7BE3-B740-E8BF-A3F4AE48AFB4}"
EndProject
Project("{2150E333-8FDC-42A3-9474-1A3956D46DE8}") = "ref", "ref", "{F4D90723-552D-29DA-8B61-B60DC9453838}"
EndProject
Project("{FAE04EC0-301F-11D3-BF4B-00C04F79EFBC}") = "Microsoft.Data.SqlClient", "src\Microsoft.Data.SqlClient\netfx\ref\Microsoft.Data.SqlClient.csproj", "{A3D51172-057E-B8FA-07DF-841767E23A28}"
EndProject
Project("{2150E333-8FDC-42A3-9474-1A3956D46DE8}") = "src", "src", "{FC401EDE-CAA5-2B9C-0541-3A481F694378}"
EndProject
Project("{FAE04EC0-301F-11D3-BF4B-00C04F79EFBC}") = "Microsoft.Data.SqlClient", "src\Microsoft.Data.SqlClient\netfx\src\Microsoft.Data.SqlClient.csproj", "{96A2616C-D26C-7AF3-5CD0-D6338B982610}"
EndProject
Project("{2150E333-8FDC-42A3-9474-1A3956D46DE8}") = "tests", "tests", "{69936066-AB13-DD33-0A5A-BA41C40DEB6A}"
EndProject
Project("{2150E333-8FDC-42A3-9474-1A3956D46DE8}") = "FunctionalTests", "FunctionalTests", "{52A309E7-AD0B-EA5C-82A2-27677D30B5F4}"
EndProject
Project("{FAE04EC0-301F-11D3-BF4B-00C04F79EFBC}") = "Microsoft.Data.SqlClient.FunctionalTests", "src\Microsoft.Data.SqlClient\tests\FunctionalTests\Microsoft.Data.SqlClient.FunctionalTests.csproj", "{44561579-EC3A-A66D-678C-28CE13FF4651}"
EndProject
Project("{2150E333-8FDC-42A3-9474-1A3956D46DE8}") = "PerformanceTests", "PerformanceTests", "{BF239D8C-3142-78E5-BB44-E7F35866C250}"
EndProject
Project("{FAE04EC0-301F-11D3-BF4B-00C04F79EFBC}") = "Microsoft.Data.SqlClient.PerformanceTests", "src\Microsoft.Data.SqlClient\tests\PerformanceTests\Microsoft.Data.SqlClient.PerformanceTests.csproj", "{1FD824D1-421A-0D06-9B0A-8430C9D9A8BB}"
EndProject
Project("{2150E333-8FDC-42A3-9474-1A3956D46DE8}") = "UnitTests", "UnitTests", "{08347639-30F5-CEF8-0E2A-1D39C222BAB3}"
EndProject
Project("{FAE04EC0-301F-11D3-BF4B-00C04F79EFBC}") = "Microsoft.Data.SqlClient.UnitTests", "src\Microsoft.Data.SqlClient\tests\UnitTests\Microsoft.Data.SqlClient.UnitTests.csproj", "{704D775E-44BA-FFBD-E487-E5F84107863B}"
EndProject
Project("{2150E333-8FDC-42A3-9474-1A3956D46DE8}") = "Common", "Common", "{AD0EA185-BAF9-A38D-6DC5-6FECD4B4F4C7}"
EndProject
Project("{FAE04EC0-301F-11D3-BF4B-00C04F79EFBC}") = "Microsoft.Data.SqlClient.TestCommon", "src\Microsoft.Data.SqlClient\tests\Common\Microsoft.Data.SqlClient.TestCommon.csproj", "{68D3FAFF-002A-E18F-146B-393C2988E91C}"
EndProject
Project("{2150E333-8FDC-42A3-9474-1A3956D46DE8}") = "ManualTests", "ManualTests", "{91588662-C2A6-7532-5F30-9A9575C0B3F8}"
EndProject
Project("{FAE04EC0-301F-11D3-BF4B-00C04F79EFBC}") = "Microsoft.Data.SqlClient.ManualTests", "src\Microsoft.Data.SqlClient\tests\ManualTests\Microsoft.Data.SqlClient.ManualTests.csproj", "{62C10C86-89CA-39A1-3AA2-77154FB362D9}"
EndProject
Project("{2150E333-8FDC-42A3-9474-1A3956D46DE8}") = "CustomConfigurableRetryLogic", "CustomConfigurableRetryLogic", "{C585C426-FE72-4775-EFBE-B73C95F91BE1}"
EndProject
Project("{FAE04EC0-301F-11D3-BF4B-00C04F79EFBC}") = "CustomRetryLogicProvider", "src\Microsoft.Data.SqlClient\tests\CustomConfigurableRetryLogic\CustomRetryLogicProvider.csproj", "{1B183DE8-B152-8377-B57A-10C87BE43F31}"
EndProject
Project("{2150E333-8FDC-42A3-9474-1A3956D46DE8}") = "add-ons", "add-ons", "{5E848F4B-37B0-A224-A5C7-97964B986D22}"
EndProject
Project("{2150E333-8FDC-42A3-9474-1A3956D46DE8}") = "AzureKeyVaultProvider", "AzureKeyVaultProvider", "{F0AF0158-2A15-C163-86D8-223962967128}"
EndProject
Project("{FAE04EC0-301F-11D3-BF4B-00C04F79EFBC}") = "Microsoft.Data.SqlClient.AlwaysEncrypted.AzureKeyVaultProvider", "src\Microsoft.Data.SqlClient\add-ons\AzureKeyVaultProvider\Microsoft.Data.SqlClient.AlwaysEncrypted.AzureKeyVaultProvider.csproj", "{98FF089A-29FC-9B5F-7B32-5732F19B8E5A}"
EndProject
Project("{2150E333-8FDC-42A3-9474-1A3956D46DE8}") = "netcore", "netcore", "{322A7004-8333-D9DF-F5F3-861B7BB5DB4F}"
EndProject
Project("{2150E333-8FDC-42A3-9474-1A3956D46DE8}") = "ref", "ref", "{5CE2C568-E38A-7795-AE36-03E4009B28E0}"
EndProject
Project("{FAE04EC0-301F-11D3-BF4B-00C04F79EFBC}") = "Microsoft.Data.SqlClient", "src\Microsoft.Data.SqlClient\netcore\ref\Microsoft.Data.SqlClient.csproj", "{EFF47545-5445-59FC-3A79-D4F745AE5DB2}"
EndProject
Project("{2150E333-8FDC-42A3-9474-1A3956D46DE8}") = "src", "src", "{669AA07C-8D75-89E2-1059-A8672994CF7E}"
EndProject
Project("{FAE04EC0-301F-11D3-BF4B-00C04F79EFBC}") = "Microsoft.Data.SqlClient", "src\Microsoft.Data.SqlClient\netcore\src\Microsoft.Data.SqlClient.csproj", "{47A2D736-72C7-AB14-FC97-D430EEF14B20}"
EndProject
Project("{2150E333-8FDC-42A3-9474-1A3956D46DE8}") = "tools", "tools", "{98697485-C693-FACA-BEDF-E79D6DCB04F6}"
EndProject
Project("{FAE04EC0-301F-11D3-BF4B-00C04F79EFBC}") = "Microsoft.Data.SqlClient.ExtUtilities", "src\Microsoft.Data.SqlClient\tests\tools\Microsoft.Data.SqlClient.ExtUtilities\Microsoft.Data.SqlClient.ExtUtilities.csproj", "{6FE37BC7-B624-2081-8ADD-251641396F0E}"
EndProject
Project("{FAE04EC0-301F-11D3-BF4B-00C04F79EFBC}") = "Microsoft.Data.SqlClient.TestUtilities", "src\Microsoft.Data.SqlClient\tests\tools\Microsoft.Data.SqlClient.TestUtilities\Microsoft.Data.SqlClient.TestUtilities.csproj", "{26C117CD-3875-D682-C358-552F208F992C}"
EndProject
Project("{2150E333-8FDC-42A3-9474-1A3956D46DE8}") = "StressTests", "StressTests", "{DFDD933E-C0D1-F5B9-44DC-B56E9ADF7922}"
EndProject
Project("{FAE04EC0-301F-11D3-BF4B-00C04F79EFBC}") = "IMonitorLoader", "src\Microsoft.Data.SqlClient\tests\StressTests\IMonitorLoader\IMonitorLoader.csproj", "{9DED5FDB-91AE-0EAA-1020-7D4A2E312AEA}"
EndProject
Project("{FAE04EC0-301F-11D3-BF4B-00C04F79EFBC}") = "SqlClient.Stress.Runner", "src\Microsoft.Data.SqlClient\tests\StressTests\SqlClient.Stress.Runner\SqlClient.Stress.Runner.csproj", "{2A32F968-CB02-8244-2512-0B4252CA9E6C}"
EndProject
Project("{FAE04EC0-301F-11D3-BF4B-00C04F79EFBC}") = "SqlClient.Stress.Framework", "src\Microsoft.Data.SqlClient\tests\StressTests\SqlClient.Stress.Framework\SqlClient.Stress.Framework.csproj", "{4DD5A4AD-4595-A06B-2899-AE7346C246E9}"
EndProject
Project("{FAE04EC0-301F-11D3-BF4B-00C04F79EFBC}") = "SqlClient.Stress.Tests", "src\Microsoft.Data.SqlClient\tests\StressTests\SqlClient.Stress.Tests\SqlClient.Stress.Tests.csproj", "{5B889EF7-5E1A-A9C4-4601-764F0C4524DD}"
EndProject
Project("{FAE04EC0-301F-11D3-BF4B-00C04F79EFBC}") = "SqlClient.Stress.Common", "src\Microsoft.Data.SqlClient\tests\StressTests\SqlClient.Stress.Common\SqlClient.Stress.Common.csproj", "{F6AFCFA1-742F-AAD9-3CC1-6C156128CEF4}"
EndProject
Project("{2150E333-8FDC-42A3-9474-1A3956D46DE8}") = "TDS", "TDS", "{A17F95DF-8B7A-FCEB-B938-E2B786F9379A}"
EndProject
Project("{FAE04EC0-301F-11D3-BF4B-00C04F79EFBC}") = "TDS.Servers", "src\Microsoft.Data.SqlClient\tests\tools\TDS\TDS.Servers\TDS.Servers.csproj", "{39730EE0-F3A2-7C18-833A-A0B47F0012C3}"
EndProject
Project("{FAE04EC0-301F-11D3-BF4B-00C04F79EFBC}") = "TDS", "src\Microsoft.Data.SqlClient\tests\tools\TDS\TDS\TDS.csproj", "{EA10C463-9BF6-EDCA-E2A3-33F4A874D1C2}"
EndProject
Project("{FAE04EC0-301F-11D3-BF4B-00C04F79EFBC}") = "TDS.EndPoint", "src\Microsoft.Data.SqlClient\tests\tools\TDS\TDS.EndPoint\TDS.EndPoint.csproj", "{AD040DD9-8D00-BF6E-6DCD-303CA808E4E1}"
EndProject
Project("{2150E333-8FDC-42A3-9474-1A3956D46DE8}") = "SQL", "SQL", "{3875DA04-A042-5215-B03F-58090BC7BDB7}"
EndProject
Project("{2150E333-8FDC-42A3-9474-1A3956D46DE8}") = "UdtTest", "UdtTest", "{8D85EAAB-7116-7873-5AE6-8955BCE51A17}"
EndProject
Project("{2150E333-8FDC-42A3-9474-1A3956D46DE8}") = "UDTs", "UDTs", "{783ED0BF-A701-01B1-C244-347D89C3A7A3}"
EndProject
Project("{FAE04EC0-301F-11D3-BF4B-00C04F79EFBC}") = "Utf8String", "src\Microsoft.Data.SqlClient\tests\ManualTests\SQL\UdtTest\UDTs\Utf8String\Utf8String.csproj", "{BB139FD9-4C6F-E7C2-ABA4-7AC7BF789EA6}"
EndProject
Project("{FAE04EC0-301F-11D3-BF4B-00C04F79EFBC}") = "Shapes", "src\Microsoft.Data.SqlClient\tests\ManualTests\SQL\UdtTest\UDTs\Shapes\Shapes.csproj", "{56E9B885-3FDF-D1AF-4FC0-E8FF6D89F935}"
EndProject
Project("{FAE04EC0-301F-11D3-BF4B-00C04F79EFBC}") = "Address", "src\Microsoft.Data.SqlClient\tests\ManualTests\SQL\UdtTest\UDTs\Address\Address.csproj", "{FC8A6722-2E3B-2830-C102-9DBCD6D5EE77}"
EndProject
Project("{FAE04EC0-301F-11D3-BF4B-00C04F79EFBC}") = "Circle", "src\Microsoft.Data.SqlClient\tests\ManualTests\SQL\UdtTest\UDTs\Circle\Circle.csproj", "{3A61B1DA-D9E9-82B8-39C7-641502EFDE4A}"
EndProject
Global
	GlobalSection(SolutionConfigurationPlatforms) = preSolution
		Debug|Any CPU = Debug|Any CPU
		Release|Any CPU = Release|Any CPU
	EndGlobalSection
	GlobalSection(ProjectConfigurationPlatforms) = postSolution
		{9F369700-BAE8-0D8B-C3BC-D73712415005}.Debug|Any CPU.ActiveCfg = Debug|Any CPU
		{9F369700-BAE8-0D8B-C3BC-D73712415005}.Debug|Any CPU.Build.0 = Debug|Any CPU
		{9F369700-BAE8-0D8B-C3BC-D73712415005}.Release|Any CPU.ActiveCfg = Release|Any CPU
		{9F369700-BAE8-0D8B-C3BC-D73712415005}.Release|Any CPU.Build.0 = Release|Any CPU
		{1CC07713-BA37-EA97-5B23-9E403501A6DB}.Debug|Any CPU.ActiveCfg = Debug|Any CPU
		{1CC07713-BA37-EA97-5B23-9E403501A6DB}.Debug|Any CPU.Build.0 = Debug|Any CPU
		{1CC07713-BA37-EA97-5B23-9E403501A6DB}.Release|Any CPU.ActiveCfg = Release|Any CPU
		{1CC07713-BA37-EA97-5B23-9E403501A6DB}.Release|Any CPU.Build.0 = Release|Any CPU
		{94FA9B94-7FD3-B733-70FB-657B177997A2}.Debug|Any CPU.ActiveCfg = Debug|Any CPU
		{94FA9B94-7FD3-B733-70FB-657B177997A2}.Debug|Any CPU.Build.0 = Debug|Any CPU
		{94FA9B94-7FD3-B733-70FB-657B177997A2}.Release|Any CPU.ActiveCfg = Release|Any CPU
		{94FA9B94-7FD3-B733-70FB-657B177997A2}.Release|Any CPU.Build.0 = Release|Any CPU
		{D661A026-AE73-0ACE-B432-BE77A5C8CBD1}.Debug|Any CPU.ActiveCfg = Debug|Any CPU
		{D661A026-AE73-0ACE-B432-BE77A5C8CBD1}.Debug|Any CPU.Build.0 = Debug|Any CPU
		{D661A026-AE73-0ACE-B432-BE77A5C8CBD1}.Release|Any CPU.ActiveCfg = Release|Any CPU
		{D661A026-AE73-0ACE-B432-BE77A5C8CBD1}.Release|Any CPU.Build.0 = Release|Any CPU
		{268BD887-45CF-4DA8-B94C-A8A9E2013F68}.Debug|Any CPU.ActiveCfg = Debug|Any CPU
		{268BD887-45CF-4DA8-B94C-A8A9E2013F68}.Debug|Any CPU.Build.0 = Debug|Any CPU
		{268BD887-45CF-4DA8-B94C-A8A9E2013F68}.Release|Any CPU.ActiveCfg = Release|Any CPU
		{268BD887-45CF-4DA8-B94C-A8A9E2013F68}.Release|Any CPU.Build.0 = Release|Any CPU
		{B18D2040-2725-CFDA-28CB-6A7713B1B5F7}.Debug|Any CPU.ActiveCfg = Debug|Any CPU
		{B18D2040-2725-CFDA-28CB-6A7713B1B5F7}.Debug|Any CPU.Build.0 = Debug|Any CPU
		{B18D2040-2725-CFDA-28CB-6A7713B1B5F7}.Release|Any CPU.ActiveCfg = Release|Any CPU
		{B18D2040-2725-CFDA-28CB-6A7713B1B5F7}.Release|Any CPU.Build.0 = Release|Any CPU
		{FA0AF787-78A5-85AF-3EFF-3326433D6CD2}.Debug|Any CPU.ActiveCfg = Debug|Any CPU
		{FA0AF787-78A5-85AF-3EFF-3326433D6CD2}.Debug|Any CPU.Build.0 = Debug|Any CPU
		{FA0AF787-78A5-85AF-3EFF-3326433D6CD2}.Release|Any CPU.ActiveCfg = Release|Any CPU
		{FA0AF787-78A5-85AF-3EFF-3326433D6CD2}.Release|Any CPU.Build.0 = Release|Any CPU
		{E4217A25-EE9E-D803-AA88-ADA63D0DD118}.Debug|Any CPU.ActiveCfg = Debug|Any CPU
		{E4217A25-EE9E-D803-AA88-ADA63D0DD118}.Debug|Any CPU.Build.0 = Debug|Any CPU
		{E4217A25-EE9E-D803-AA88-ADA63D0DD118}.Release|Any CPU.ActiveCfg = Release|Any CPU
		{E4217A25-EE9E-D803-AA88-ADA63D0DD118}.Release|Any CPU.Build.0 = Release|Any CPU
		{34875F60-61C8-32BE-7E88-AB21F3D8DEE3}.Debug|Any CPU.ActiveCfg = Debug|Any CPU
		{34875F60-61C8-32BE-7E88-AB21F3D8DEE3}.Debug|Any CPU.Build.0 = Debug|Any CPU
		{34875F60-61C8-32BE-7E88-AB21F3D8DEE3}.Release|Any CPU.ActiveCfg = Release|Any CPU
		{34875F60-61C8-32BE-7E88-AB21F3D8DEE3}.Release|Any CPU.Build.0 = Release|Any CPU
		{E5010C9B-247F-9712-7929-4031007F8FAE}.Debug|Any CPU.ActiveCfg = Debug|Any CPU
		{E5010C9B-247F-9712-7929-4031007F8FAE}.Debug|Any CPU.Build.0 = Debug|Any CPU
		{E5010C9B-247F-9712-7929-4031007F8FAE}.Release|Any CPU.ActiveCfg = Release|Any CPU
		{E5010C9B-247F-9712-7929-4031007F8FAE}.Release|Any CPU.Build.0 = Release|Any CPU
		{ED45B552-9BD1-BC95-67AD-E40C60394CAC}.Debug|Any CPU.ActiveCfg = Debug|Any CPU
		{ED45B552-9BD1-BC95-67AD-E40C60394CAC}.Debug|Any CPU.Build.0 = Debug|Any CPU
		{ED45B552-9BD1-BC95-67AD-E40C60394CAC}.Release|Any CPU.ActiveCfg = Release|Any CPU
		{ED45B552-9BD1-BC95-67AD-E40C60394CAC}.Release|Any CPU.Build.0 = Release|Any CPU
		{DFEAEDD5-6F59-B123-C356-10F4D9D989AE}.Debug|Any CPU.ActiveCfg = Debug|Any CPU
		{DFEAEDD5-6F59-B123-C356-10F4D9D989AE}.Debug|Any CPU.Build.0 = Debug|Any CPU
		{DFEAEDD5-6F59-B123-C356-10F4D9D989AE}.Release|Any CPU.ActiveCfg = Release|Any CPU
		{DFEAEDD5-6F59-B123-C356-10F4D9D989AE}.Release|Any CPU.Build.0 = Release|Any CPU
		{130A7323-A54D-34C7-F054-1494EABC6995}.Debug|Any CPU.ActiveCfg = Debug|Any CPU
		{130A7323-A54D-34C7-F054-1494EABC6995}.Debug|Any CPU.Build.0 = Debug|Any CPU
		{130A7323-A54D-34C7-F054-1494EABC6995}.Release|Any CPU.ActiveCfg = Release|Any CPU
		{130A7323-A54D-34C7-F054-1494EABC6995}.Release|Any CPU.Build.0 = Release|Any CPU
		{61B88BB2-92A0-A251-60E0-C2EFDD932F49}.Debug|Any CPU.ActiveCfg = Debug|Any CPU
		{61B88BB2-92A0-A251-60E0-C2EFDD932F49}.Debug|Any CPU.Build.0 = Debug|Any CPU
		{61B88BB2-92A0-A251-60E0-C2EFDD932F49}.Release|Any CPU.ActiveCfg = Release|Any CPU
		{61B88BB2-92A0-A251-60E0-C2EFDD932F49}.Release|Any CPU.Build.0 = Release|Any CPU
		{A3D51172-057E-B8FA-07DF-841767E23A28}.Debug|Any CPU.ActiveCfg = Debug|Any CPU
		{A3D51172-057E-B8FA-07DF-841767E23A28}.Debug|Any CPU.Build.0 = Debug|Any CPU
		{A3D51172-057E-B8FA-07DF-841767E23A28}.Release|Any CPU.ActiveCfg = Release|Any CPU
		{A3D51172-057E-B8FA-07DF-841767E23A28}.Release|Any CPU.Build.0 = Release|Any CPU
		{96A2616C-D26C-7AF3-5CD0-D6338B982610}.Debug|Any CPU.ActiveCfg = Debug|Any CPU
		{96A2616C-D26C-7AF3-5CD0-D6338B982610}.Debug|Any CPU.Build.0 = Debug|Any CPU
		{96A2616C-D26C-7AF3-5CD0-D6338B982610}.Release|Any CPU.ActiveCfg = Release|Any CPU
		{96A2616C-D26C-7AF3-5CD0-D6338B982610}.Release|Any CPU.Build.0 = Release|Any CPU
		{44561579-EC3A-A66D-678C-28CE13FF4651}.Debug|Any CPU.ActiveCfg = Debug|Any CPU
		{44561579-EC3A-A66D-678C-28CE13FF4651}.Debug|Any CPU.Build.0 = Debug|Any CPU
		{44561579-EC3A-A66D-678C-28CE13FF4651}.Release|Any CPU.ActiveCfg = Release|Any CPU
		{44561579-EC3A-A66D-678C-28CE13FF4651}.Release|Any CPU.Build.0 = Release|Any CPU
		{1FD824D1-421A-0D06-9B0A-8430C9D9A8BB}.Debug|Any CPU.ActiveCfg = Debug|Any CPU
		{1FD824D1-421A-0D06-9B0A-8430C9D9A8BB}.Debug|Any CPU.Build.0 = Debug|Any CPU
		{1FD824D1-421A-0D06-9B0A-8430C9D9A8BB}.Release|Any CPU.ActiveCfg = Release|Any CPU
		{1FD824D1-421A-0D06-9B0A-8430C9D9A8BB}.Release|Any CPU.Build.0 = Release|Any CPU
		{704D775E-44BA-FFBD-E487-E5F84107863B}.Debug|Any CPU.ActiveCfg = Debug|Any CPU
		{704D775E-44BA-FFBD-E487-E5F84107863B}.Debug|Any CPU.Build.0 = Debug|Any CPU
		{704D775E-44BA-FFBD-E487-E5F84107863B}.Release|Any CPU.ActiveCfg = Release|Any CPU
		{704D775E-44BA-FFBD-E487-E5F84107863B}.Release|Any CPU.Build.0 = Release|Any CPU
		{68D3FAFF-002A-E18F-146B-393C2988E91C}.Debug|Any CPU.ActiveCfg = Debug|Any CPU
		{68D3FAFF-002A-E18F-146B-393C2988E91C}.Debug|Any CPU.Build.0 = Debug|Any CPU
		{68D3FAFF-002A-E18F-146B-393C2988E91C}.Release|Any CPU.ActiveCfg = Release|Any CPU
		{68D3FAFF-002A-E18F-146B-393C2988E91C}.Release|Any CPU.Build.0 = Release|Any CPU
		{62C10C86-89CA-39A1-3AA2-77154FB362D9}.Debug|Any CPU.ActiveCfg = Debug|Any CPU
		{62C10C86-89CA-39A1-3AA2-77154FB362D9}.Debug|Any CPU.Build.0 = Debug|Any CPU
		{62C10C86-89CA-39A1-3AA2-77154FB362D9}.Release|Any CPU.ActiveCfg = Release|Any CPU
		{62C10C86-89CA-39A1-3AA2-77154FB362D9}.Release|Any CPU.Build.0 = Release|Any CPU
		{1B183DE8-B152-8377-B57A-10C87BE43F31}.Debug|Any CPU.ActiveCfg = Debug|Any CPU
		{1B183DE8-B152-8377-B57A-10C87BE43F31}.Debug|Any CPU.Build.0 = Debug|Any CPU
		{1B183DE8-B152-8377-B57A-10C87BE43F31}.Release|Any CPU.ActiveCfg = Release|Any CPU
		{1B183DE8-B152-8377-B57A-10C87BE43F31}.Release|Any CPU.Build.0 = Release|Any CPU
		{98FF089A-29FC-9B5F-7B32-5732F19B8E5A}.Debug|Any CPU.ActiveCfg = Debug|Any CPU
		{98FF089A-29FC-9B5F-7B32-5732F19B8E5A}.Debug|Any CPU.Build.0 = Debug|Any CPU
		{98FF089A-29FC-9B5F-7B32-5732F19B8E5A}.Release|Any CPU.ActiveCfg = Release|Any CPU
		{98FF089A-29FC-9B5F-7B32-5732F19B8E5A}.Release|Any CPU.Build.0 = Release|Any CPU
		{EFF47545-5445-59FC-3A79-D4F745AE5DB2}.Debug|Any CPU.ActiveCfg = Debug|Any CPU
		{EFF47545-5445-59FC-3A79-D4F745AE5DB2}.Debug|Any CPU.Build.0 = Debug|Any CPU
		{EFF47545-5445-59FC-3A79-D4F745AE5DB2}.Release|Any CPU.ActiveCfg = Release|Any CPU
		{EFF47545-5445-59FC-3A79-D4F745AE5DB2}.Release|Any CPU.Build.0 = Release|Any CPU
		{47A2D736-72C7-AB14-FC97-D430EEF14B20}.Debug|Any CPU.ActiveCfg = Debug|Any CPU
		{47A2D736-72C7-AB14-FC97-D430EEF14B20}.Debug|Any CPU.Build.0 = Debug|Any CPU
		{47A2D736-72C7-AB14-FC97-D430EEF14B20}.Release|Any CPU.ActiveCfg = Release|Any CPU
		{47A2D736-72C7-AB14-FC97-D430EEF14B20}.Release|Any CPU.Build.0 = Release|Any CPU
		{6FE37BC7-B624-2081-8ADD-251641396F0E}.Debug|Any CPU.ActiveCfg = Debug|Any CPU
		{6FE37BC7-B624-2081-8ADD-251641396F0E}.Debug|Any CPU.Build.0 = Debug|Any CPU
		{6FE37BC7-B624-2081-8ADD-251641396F0E}.Release|Any CPU.ActiveCfg = Release|Any CPU
		{6FE37BC7-B624-2081-8ADD-251641396F0E}.Release|Any CPU.Build.0 = Release|Any CPU
		{26C117CD-3875-D682-C358-552F208F992C}.Debug|Any CPU.ActiveCfg = Debug|Any CPU
		{26C117CD-3875-D682-C358-552F208F992C}.Debug|Any CPU.Build.0 = Debug|Any CPU
		{26C117CD-3875-D682-C358-552F208F992C}.Release|Any CPU.ActiveCfg = Release|Any CPU
		{26C117CD-3875-D682-C358-552F208F992C}.Release|Any CPU.Build.0 = Release|Any CPU
		{9DED5FDB-91AE-0EAA-1020-7D4A2E312AEA}.Debug|Any CPU.ActiveCfg = Debug|Any CPU
		{9DED5FDB-91AE-0EAA-1020-7D4A2E312AEA}.Debug|Any CPU.Build.0 = Debug|Any CPU
		{9DED5FDB-91AE-0EAA-1020-7D4A2E312AEA}.Release|Any CPU.ActiveCfg = Release|Any CPU
		{9DED5FDB-91AE-0EAA-1020-7D4A2E312AEA}.Release|Any CPU.Build.0 = Release|Any CPU
		{2A32F968-CB02-8244-2512-0B4252CA9E6C}.Debug|Any CPU.ActiveCfg = Debug|Any CPU
		{2A32F968-CB02-8244-2512-0B4252CA9E6C}.Debug|Any CPU.Build.0 = Debug|Any CPU
		{2A32F968-CB02-8244-2512-0B4252CA9E6C}.Release|Any CPU.ActiveCfg = Release|Any CPU
		{2A32F968-CB02-8244-2512-0B4252CA9E6C}.Release|Any CPU.Build.0 = Release|Any CPU
		{4DD5A4AD-4595-A06B-2899-AE7346C246E9}.Debug|Any CPU.ActiveCfg = Debug|Any CPU
		{4DD5A4AD-4595-A06B-2899-AE7346C246E9}.Debug|Any CPU.Build.0 = Debug|Any CPU
		{4DD5A4AD-4595-A06B-2899-AE7346C246E9}.Release|Any CPU.ActiveCfg = Release|Any CPU
		{4DD5A4AD-4595-A06B-2899-AE7346C246E9}.Release|Any CPU.Build.0 = Release|Any CPU
		{5B889EF7-5E1A-A9C4-4601-764F0C4524DD}.Debug|Any CPU.ActiveCfg = Debug|Any CPU
		{5B889EF7-5E1A-A9C4-4601-764F0C4524DD}.Debug|Any CPU.Build.0 = Debug|Any CPU
		{5B889EF7-5E1A-A9C4-4601-764F0C4524DD}.Release|Any CPU.ActiveCfg = Release|Any CPU
		{5B889EF7-5E1A-A9C4-4601-764F0C4524DD}.Release|Any CPU.Build.0 = Release|Any CPU
		{F6AFCFA1-742F-AAD9-3CC1-6C156128CEF4}.Debug|Any CPU.ActiveCfg = Debug|Any CPU
		{F6AFCFA1-742F-AAD9-3CC1-6C156128CEF4}.Debug|Any CPU.Build.0 = Debug|Any CPU
		{F6AFCFA1-742F-AAD9-3CC1-6C156128CEF4}.Release|Any CPU.ActiveCfg = Release|Any CPU
		{F6AFCFA1-742F-AAD9-3CC1-6C156128CEF4}.Release|Any CPU.Build.0 = Release|Any CPU
		{39730EE0-F3A2-7C18-833A-A0B47F0012C3}.Debug|Any CPU.ActiveCfg = Debug|Any CPU
		{39730EE0-F3A2-7C18-833A-A0B47F0012C3}.Debug|Any CPU.Build.0 = Debug|Any CPU
		{39730EE0-F3A2-7C18-833A-A0B47F0012C3}.Release|Any CPU.ActiveCfg = Release|Any CPU
		{39730EE0-F3A2-7C18-833A-A0B47F0012C3}.Release|Any CPU.Build.0 = Release|Any CPU
		{EA10C463-9BF6-EDCA-E2A3-33F4A874D1C2}.Debug|Any CPU.ActiveCfg = Debug|Any CPU
		{EA10C463-9BF6-EDCA-E2A3-33F4A874D1C2}.Debug|Any CPU.Build.0 = Debug|Any CPU
		{EA10C463-9BF6-EDCA-E2A3-33F4A874D1C2}.Release|Any CPU.ActiveCfg = Release|Any CPU
		{EA10C463-9BF6-EDCA-E2A3-33F4A874D1C2}.Release|Any CPU.Build.0 = Release|Any CPU
		{AD040DD9-8D00-BF6E-6DCD-303CA808E4E1}.Debug|Any CPU.ActiveCfg = Debug|Any CPU
		{AD040DD9-8D00-BF6E-6DCD-303CA808E4E1}.Debug|Any CPU.Build.0 = Debug|Any CPU
		{AD040DD9-8D00-BF6E-6DCD-303CA808E4E1}.Release|Any CPU.ActiveCfg = Release|Any CPU
		{AD040DD9-8D00-BF6E-6DCD-303CA808E4E1}.Release|Any CPU.Build.0 = Release|Any CPU
		{BB139FD9-4C6F-E7C2-ABA4-7AC7BF789EA6}.Debug|Any CPU.ActiveCfg = Debug|Any CPU
		{BB139FD9-4C6F-E7C2-ABA4-7AC7BF789EA6}.Debug|Any CPU.Build.0 = Debug|Any CPU
		{BB139FD9-4C6F-E7C2-ABA4-7AC7BF789EA6}.Release|Any CPU.ActiveCfg = Release|Any CPU
		{BB139FD9-4C6F-E7C2-ABA4-7AC7BF789EA6}.Release|Any CPU.Build.0 = Release|Any CPU
		{56E9B885-3FDF-D1AF-4FC0-E8FF6D89F935}.Debug|Any CPU.ActiveCfg = Debug|Any CPU
		{56E9B885-3FDF-D1AF-4FC0-E8FF6D89F935}.Debug|Any CPU.Build.0 = Debug|Any CPU
		{56E9B885-3FDF-D1AF-4FC0-E8FF6D89F935}.Release|Any CPU.ActiveCfg = Release|Any CPU
		{56E9B885-3FDF-D1AF-4FC0-E8FF6D89F935}.Release|Any CPU.Build.0 = Release|Any CPU
		{FC8A6722-2E3B-2830-C102-9DBCD6D5EE77}.Debug|Any CPU.ActiveCfg = Debug|Any CPU
		{FC8A6722-2E3B-2830-C102-9DBCD6D5EE77}.Debug|Any CPU.Build.0 = Debug|Any CPU
		{FC8A6722-2E3B-2830-C102-9DBCD6D5EE77}.Release|Any CPU.ActiveCfg = Release|Any CPU
		{FC8A6722-2E3B-2830-C102-9DBCD6D5EE77}.Release|Any CPU.Build.0 = Release|Any CPU
		{3A61B1DA-D9E9-82B8-39C7-641502EFDE4A}.Debug|Any CPU.ActiveCfg = Debug|Any CPU
		{3A61B1DA-D9E9-82B8-39C7-641502EFDE4A}.Debug|Any CPU.Build.0 = Debug|Any CPU
		{3A61B1DA-D9E9-82B8-39C7-641502EFDE4A}.Release|Any CPU.ActiveCfg = Release|Any CPU
		{3A61B1DA-D9E9-82B8-39C7-641502EFDE4A}.Release|Any CPU.Build.0 = Release|Any CPU
	EndGlobalSection
	GlobalSection(SolutionProperties) = preSolution
		HideSolutionNode = FALSE
	EndGlobalSection
	GlobalSection(NestedProjects) = preSolution
		{9F369700-BAE8-0D8B-C3BC-D73712415005} = {7525B257-249C-EE79-B10A-65D0BC27ABA9}
		{D9B81C32-A654-EB83-D7F9-0E658B95090D} = {6F7BC048-0A70-B1BE-8A35-89890EA57E92}
		{1CC07713-BA37-EA97-5B23-9E403501A6DB} = {D9B81C32-A654-EB83-D7F9-0E658B95090D}
		{94FA9B94-7FD3-B733-70FB-657B177997A2} = {827E0CD3-B72D-47B6-A68D-7590B98EB39B}
		{296DEAE1-77B8-1DE7-92FF-86529A8A17B7} = {07C2787E-EAC7-C090-1BA3-A61EC2A24D84}
		{D661A026-AE73-0ACE-B432-BE77A5C8CBD1} = {296DEAE1-77B8-1DE7-92FF-86529A8A17B7}
		{268BD887-45CF-4DA8-B94C-A8A9E2013F68} = {296DEAE1-77B8-1DE7-92FF-86529A8A17B7}
		{3D26AE23-53CC-1696-D32F-76D0B4BF1570} = {6F7BC048-0A70-B1BE-8A35-89890EA57E92}
		{B18D2040-2725-CFDA-28CB-6A7713B1B5F7} = {3D26AE23-53CC-1696-D32F-76D0B4BF1570}
		{31A34451-14C6-E18E-E5CF-732C202628B4} = {827E0CD3-B72D-47B6-A68D-7590B98EB39B}
		{CE69B499-8E95-F93E-0C3A-C308A57BC045} = {31A34451-14C6-E18E-E5CF-732C202628B4}
		{FA0AF787-78A5-85AF-3EFF-3326433D6CD2} = {CE69B499-8E95-F93E-0C3A-C308A57BC045}
		{1D82F1C5-51FB-1715-654E-65832BE3AB42} = {31A34451-14C6-E18E-E5CF-732C202628B4}
		{E4217A25-EE9E-D803-AA88-ADA63D0DD118} = {1D82F1C5-51FB-1715-654E-65832BE3AB42}
		{39D8707B-3B78-24C3-2A49-96DBBD949BEE} = {31A34451-14C6-E18E-E5CF-732C202628B4}
		{34875F60-61C8-32BE-7E88-AB21F3D8DEE3} = {39D8707B-3B78-24C3-2A49-96DBBD949BEE}
		{084015EA-3FB7-6865-4FF4-0589AE5E9520} = {827E0CD3-B72D-47B6-A68D-7590B98EB39B}
		{1C578592-8FBD-0E24-9079-30D8E121CD81} = {084015EA-3FB7-6865-4FF4-0589AE5E9520}
		{F5B0917F-2892-7E08-C14E-E76E8DE6B05D} = {1C578592-8FBD-0E24-9079-30D8E121CD81}
		{E5010C9B-247F-9712-7929-4031007F8FAE} = {F5B0917F-2892-7E08-C14E-E76E8DE6B05D}
		{BD182A7F-86EB-9A20-E86B-1D45C3719D2E} = {1C578592-8FBD-0E24-9079-30D8E121CD81}
		{ED45B552-9BD1-BC95-67AD-E40C60394CAC} = {BD182A7F-86EB-9A20-E86B-1D45C3719D2E}
		{C7A2A93F-9202-5132-2EB1-871F279AA7E1} = {084015EA-3FB7-6865-4FF4-0589AE5E9520}
		{7F4B9BB7-35BB-1EB1-FB11-873FF6E16DDE} = {C7A2A93F-9202-5132-2EB1-871F279AA7E1}
		{DFEAEDD5-6F59-B123-C356-10F4D9D989AE} = {7F4B9BB7-35BB-1EB1-FB11-873FF6E16DDE}
		{520DBFC9-7B52-5839-61E0-270DD496B653} = {C7A2A93F-9202-5132-2EB1-871F279AA7E1}
		{130A7323-A54D-34C7-F054-1494EABC6995} = {520DBFC9-7B52-5839-61E0-270DD496B653}
		{851FA9A0-28A4-E925-4BD9-10BB1436DFB1} = {827E0CD3-B72D-47B6-A68D-7590B98EB39B}
		{5833A746-DA85-B967-571A-3E00A281E6E0} = {851FA9A0-28A4-E925-4BD9-10BB1436DFB1}
		{DF9CD139-9481-F039-515D-935EEF50AD2F} = {5833A746-DA85-B967-571A-3E00A281E6E0}
		{61B88BB2-92A0-A251-60E0-C2EFDD932F49} = {DF9CD139-9481-F039-515D-935EEF50AD2F}
		{9AB33B16-7BE3-B740-E8BF-A3F4AE48AFB4} = {31A34451-14C6-E18E-E5CF-732C202628B4}
		{F4D90723-552D-29DA-8B61-B60DC9453838} = {9AB33B16-7BE3-B740-E8BF-A3F4AE48AFB4}
		{A3D51172-057E-B8FA-07DF-841767E23A28} = {F4D90723-552D-29DA-8B61-B60DC9453838}
		{FC401EDE-CAA5-2B9C-0541-3A481F694378} = {9AB33B16-7BE3-B740-E8BF-A3F4AE48AFB4}
		{96A2616C-D26C-7AF3-5CD0-D6338B982610} = {FC401EDE-CAA5-2B9C-0541-3A481F694378}
		{69936066-AB13-DD33-0A5A-BA41C40DEB6A} = {31A34451-14C6-E18E-E5CF-732C202628B4}
		{52A309E7-AD0B-EA5C-82A2-27677D30B5F4} = {69936066-AB13-DD33-0A5A-BA41C40DEB6A}
		{44561579-EC3A-A66D-678C-28CE13FF4651} = {52A309E7-AD0B-EA5C-82A2-27677D30B5F4}
		{BF239D8C-3142-78E5-BB44-E7F35866C250} = {69936066-AB13-DD33-0A5A-BA41C40DEB6A}
		{1FD824D1-421A-0D06-9B0A-8430C9D9A8BB} = {BF239D8C-3142-78E5-BB44-E7F35866C250}
		{08347639-30F5-CEF8-0E2A-1D39C222BAB3} = {69936066-AB13-DD33-0A5A-BA41C40DEB6A}
		{704D775E-44BA-FFBD-E487-E5F84107863B} = {08347639-30F5-CEF8-0E2A-1D39C222BAB3}
		{AD0EA185-BAF9-A38D-6DC5-6FECD4B4F4C7} = {69936066-AB13-DD33-0A5A-BA41C40DEB6A}
		{68D3FAFF-002A-E18F-146B-393C2988E91C} = {AD0EA185-BAF9-A38D-6DC5-6FECD4B4F4C7}
		{91588662-C2A6-7532-5F30-9A9575C0B3F8} = {69936066-AB13-DD33-0A5A-BA41C40DEB6A}
		{62C10C86-89CA-39A1-3AA2-77154FB362D9} = {91588662-C2A6-7532-5F30-9A9575C0B3F8}
		{C585C426-FE72-4775-EFBE-B73C95F91BE1} = {69936066-AB13-DD33-0A5A-BA41C40DEB6A}
		{1B183DE8-B152-8377-B57A-10C87BE43F31} = {C585C426-FE72-4775-EFBE-B73C95F91BE1}
		{5E848F4B-37B0-A224-A5C7-97964B986D22} = {31A34451-14C6-E18E-E5CF-732C202628B4}
		{F0AF0158-2A15-C163-86D8-223962967128} = {5E848F4B-37B0-A224-A5C7-97964B986D22}
		{98FF089A-29FC-9B5F-7B32-5732F19B8E5A} = {F0AF0158-2A15-C163-86D8-223962967128}
		{322A7004-8333-D9DF-F5F3-861B7BB5DB4F} = {31A34451-14C6-E18E-E5CF-732C202628B4}
		{5CE2C568-E38A-7795-AE36-03E4009B28E0} = {322A7004-8333-D9DF-F5F3-861B7BB5DB4F}
		{EFF47545-5445-59FC-3A79-D4F745AE5DB2} = {5CE2C568-E38A-7795-AE36-03E4009B28E0}
		{669AA07C-8D75-89E2-1059-A8672994CF7E} = {322A7004-8333-D9DF-F5F3-861B7BB5DB4F}
		{47A2D736-72C7-AB14-FC97-D430EEF14B20} = {669AA07C-8D75-89E2-1059-A8672994CF7E}
		{98697485-C693-FACA-BEDF-E79D6DCB04F6} = {69936066-AB13-DD33-0A5A-BA41C40DEB6A}
		{6FE37BC7-B624-2081-8ADD-251641396F0E} = {98697485-C693-FACA-BEDF-E79D6DCB04F6}
		{26C117CD-3875-D682-C358-552F208F992C} = {98697485-C693-FACA-BEDF-E79D6DCB04F6}
		{DFDD933E-C0D1-F5B9-44DC-B56E9ADF7922} = {69936066-AB13-DD33-0A5A-BA41C40DEB6A}
		{9DED5FDB-91AE-0EAA-1020-7D4A2E312AEA} = {DFDD933E-C0D1-F5B9-44DC-B56E9ADF7922}
		{2A32F968-CB02-8244-2512-0B4252CA9E6C} = {DFDD933E-C0D1-F5B9-44DC-B56E9ADF7922}
		{4DD5A4AD-4595-A06B-2899-AE7346C246E9} = {DFDD933E-C0D1-F5B9-44DC-B56E9ADF7922}
		{5B889EF7-5E1A-A9C4-4601-764F0C4524DD} = {DFDD933E-C0D1-F5B9-44DC-B56E9ADF7922}
		{F6AFCFA1-742F-AAD9-3CC1-6C156128CEF4} = {DFDD933E-C0D1-F5B9-44DC-B56E9ADF7922}
		{A17F95DF-8B7A-FCEB-B938-E2B786F9379A} = {98697485-C693-FACA-BEDF-E79D6DCB04F6}
		{39730EE0-F3A2-7C18-833A-A0B47F0012C3} = {A17F95DF-8B7A-FCEB-B938-E2B786F9379A}
		{EA10C463-9BF6-EDCA-E2A3-33F4A874D1C2} = {A17F95DF-8B7A-FCEB-B938-E2B786F9379A}
		{AD040DD9-8D00-BF6E-6DCD-303CA808E4E1} = {A17F95DF-8B7A-FCEB-B938-E2B786F9379A}
		{3875DA04-A042-5215-B03F-58090BC7BDB7} = {91588662-C2A6-7532-5F30-9A9575C0B3F8}
		{8D85EAAB-7116-7873-5AE6-8955BCE51A17} = {3875DA04-A042-5215-B03F-58090BC7BDB7}
		{783ED0BF-A701-01B1-C244-347D89C3A7A3} = {8D85EAAB-7116-7873-5AE6-8955BCE51A17}
		{BB139FD9-4C6F-E7C2-ABA4-7AC7BF789EA6} = {783ED0BF-A701-01B1-C244-347D89C3A7A3}
		{56E9B885-3FDF-D1AF-4FC0-E8FF6D89F935} = {783ED0BF-A701-01B1-C244-347D89C3A7A3}
		{FC8A6722-2E3B-2830-C102-9DBCD6D5EE77} = {783ED0BF-A701-01B1-C244-347D89C3A7A3}
		{3A61B1DA-D9E9-82B8-39C7-641502EFDE4A} = {783ED0BF-A701-01B1-C244-347D89C3A7A3}
	EndGlobalSection
	GlobalSection(ExtensibilityGlobals) = postSolution
		SolutionGuid = {222D989B-0704-42F8-B3E6-8B3CB25989FC}
	EndGlobalSection
EndGlobal
