<?xml version="1.0" encoding="utf-8"?>
<Project ToolsVersion="4.0" xmlns="http://schemas.microsoft.com/developer/msbuild/2003">
  <ItemGroup>
    <Filter Include="Source Files">
      <UniqueIdentifier>{4FC737F1-C7A5-4376-A066-2A32D752A2FF}</UniqueIdentifier>
      <Extensions>cpp;c;cc;cxx;def;odl;idl;hpj;bat;asm;asmx</Extensions>
    </Filter>
    <Filter Include="Resource Files">
      <UniqueIdentifier>{67DA6AB6-F800-4c08-8B7A-83BB121AAD01}</UniqueIdentifier>
      <Extensions>rc;ico;cur;bmp;dlg;rc2;rct;bin;rgs;gif;jpg;jpeg;jpe;resx;tiff;tif;png;wav;mfcribbon-ms</Extensions>
    </Filter>
  </ItemGroup>
  <ItemGroup>
    <ClCompile Include="src\ctaip.cpp">
      <Filter>Source Files</Filter>
    </ClCompile>
    <ClCompile Include="src\localDB.cpp">
      <Filter>Source Files</Filter>
    </ClCompile>
    <ClCompile Include="src\np.cpp">
      <Filter>Source Files</Filter>
    </ClCompile>
    <ClCompile Include="src\open.cpp">
      <Filter>Source Files</Filter>
    </ClCompile>
    <ClCompile Include="src\reg.cpp">
      <Filter>Source Files</Filter>
    </ClCompile>
    <ClCompile Include="src\sm.cpp">
      <Filter>Source Files</Filter>
    </ClCompile>
    <ClCompile Include="src\sm_shiloh.cpp">
      <Filter>Source Files</Filter>
    </ClCompile>
    <ClCompile Include="src\smux.cpp">
      <Filter>Source Files</Filter>
    </ClCompile>
    <ClCompile Include="src\sni.cpp">
      <Filter>Source Files</Filter>
    </ClCompile>
    <ClCompile Include="src\sni_error.cpp">
      <Filter>Source Files</Filter>
    </ClCompile>
    <ClCompile Include="src\sni_FedAuth.cpp">
      <Filter>Source Files</Filter>
    </ClCompile>
    <ClCompile Include="src\sni_prov.cpp">
      <Filter>Source Files</Filter>
    </ClCompile>
    <ClCompile Include="src\SNI_ServiceBindings.cpp">
      <Filter>Source Files</Filter>
    </ClCompile>
    <ClCompile Include="src\sni_spn.cpp">
      <Filter>Source Files</Filter>
    </ClCompile>
    <ClCompile Include="src\sni_sspi.cpp">
      <Filter>Source Files</Filter>
    </ClCompile>
    <ClCompile Include="src\ssl.cpp">
      <Filter>Source Files</Filter>
    </ClCompile>
    <ClCompile Include="src\ssrp.cpp">
      <Filter>Source Files</Filter>
    </ClCompile>
    <ClCompile Include="src\tcp.cpp">
      <Filter>Source Files</Filter>
    </ClCompile>
    <ClCompile Include="src\util.cpp">
      <Filter>Source Files</Filter>
    </ClCompile>
    <ClCompile Include="src\via.cpp">
      <Filter>Source Files</Filter>
    </ClCompile>
    <ClCompile Include="src\viahelper.cpp">
      <Filter>Source Files</Filter>
    </ClCompile>
  </ItemGroup>
</Project>