
Microsoft Visual Studio Solution File, Format Version 12.00
# Visual Studio 15
VisualStudioVersion = 15.0.27004.2010
MinimumVisualStudioVersion = 10.0.40219.1
Project("{8BC9CEB8-8B4A-11D0-8D11-00A0C91BC942}") = "bidinit", "bidinit\src\bidinit.vcxproj", "{5A328E8A-7722-472B-B6F5-601F0F870CC8}"
EndProject
Project("{8BC9CEB8-8B4A-11D0-8D11-00A0C91BC942}") = "NLRegCA", "SNI\NLRegC\ascii\ascii.vcxproj", "{4D396432-7121-4B9F-ADA2-51A9F897F216}"
EndProject
Project("{8BC9CEB8-8B4A-11D0-8D11-00A0C91BC942}") = "SNI", "SNI\SNI.vcxproj", "{BABEF527-0076-48CC-B42B-872151DAD85E}"
EndProject
Project("{8BC9CEB8-8B4A-11D0-8D11-00A0C91BC942}") = "NLRegCW", "SNI\NLRegC\unicode\unicode.vcxproj", "{8DE60D76-BA9A-43BE-BA26-F8845CA0BF17}"
EndProject
Project("{8BC9CEB8-8B4A-11D0-8D11-00A0C91BC942}") = "SNIManagedWrapper", "managedwrapper\SNIManagedWrapper.vcxproj", "{7905527B-E689-4AA9-AEE2-CE200E804311}"
EndProject
Project("{9A19103F-16F7-4668-BE54-9A1E7A4F7556}") = "Microsoft.Data.SqlClient", "Microsoft.Data.SqlClient\netcore\src\Microsoft.Data.SqlClient.csproj", "{37431336-5307-4184-9356-C4B7E47DC714}"
EndProject
Project("{2150E333-8FDC-42A3-9474-1A3956D46DE8}") = "test", "test", "{0CC4817A-12F3-4357-912C-09315FAAD008}"
EndProject
Project("{9A19103F-16F7-4668-BE54-9A1E7A4F7556}") = "TDS.Servers", "Microsoft.Data.SqlClient\tests\tools\TDS\TDS.Servers\TDS.Servers.csproj", "{978063D3-FBB5-4E10-8C45-67C90BE1B931}"
EndProject
Project("{9A19103F-16F7-4668-BE54-9A1E7A4F7556}") = "TDS", "Microsoft.Data.SqlClient\tests\tools\TDS\TDS\TDS.csproj", "{8DC9D1A0-351B-47BC-A90F-B9DA542550E9}"
EndProject
Project("{9A19103F-16F7-4668-BE54-9A1E7A4F7556}") = "TDS.EndPoint", "Microsoft.Data.SqlClient\tests\tools\TDS\TDS.EndPoint\TDS.EndPoint.csproj", "{1FF891B4-D3DE-4CCE-887C-CB48F5351A45}"
EndProject
Global
	GlobalSection(SolutionConfigurationPlatforms) = preSolution
		Debug|Any CPU = Debug|Any CPU
		Debug|x64 = Debug|x64
		Debug|x86 = Debug|x86
		netstandard-Unix-Debug|Any CPU = netstandard-Unix-Debug|Any CPU
		netstandard-Unix-Debug|x64 = netstandard-Unix-Debug|x64
		netstandard-Unix-Debug|x86 = netstandard-Unix-Debug|x86
		netstandard-Unix-Release|Any CPU = netstandard-Unix-Release|Any CPU
		netstandard-Unix-Release|x64 = netstandard-Unix-Release|x64
		netstandard-Unix-Release|x86 = netstandard-Unix-Release|x86
		netstandard-Windows_NT-Debug|Any CPU = netstandard-Windows_NT-Debug|Any CPU
		netstandard-Windows_NT-Debug|x64 = netstandard-Windows_NT-Debug|x64
		netstandard-Windows_NT-Debug|x86 = netstandard-Windows_NT-Debug|x86
		netstandard-Windows_NT-Release|Any CPU = netstandard-Windows_NT-Release|Any CPU
		netstandard-Windows_NT-Release|x64 = netstandard-Windows_NT-Release|x64
		netstandard-Windows_NT-Release|x86 = netstandard-Windows_NT-Release|x86
		Release|Any CPU = Release|Any CPU
		Release|x64 = Release|x64
		Release|x86 = Release|x86
	EndGlobalSection
	GlobalSection(ProjectConfigurationPlatforms) = postSolution
		{5A328E8A-7722-472B-B6F5-601F0F870CC8}.Debug|Any CPU.ActiveCfg = Debug|Win32
		{5A328E8A-7722-472B-B6F5-601F0F870CC8}.Debug|x64.ActiveCfg = Debug|x64
		{5A328E8A-7722-472B-B6F5-601F0F870CC8}.Debug|x64.Build.0 = Debug|x64
		{5A328E8A-7722-472B-B6F5-601F0F870CC8}.Debug|x86.ActiveCfg = Debug|Win32
		{5A328E8A-7722-472B-B6F5-601F0F870CC8}.Debug|x86.Build.0 = Debug|Win32
		{5A328E8A-7722-472B-B6F5-601F0F870CC8}.netstandard-Unix-Debug|Any CPU.ActiveCfg = Release|x64
		{5A328E8A-7722-472B-B6F5-601F0F870CC8}.netstandard-Unix-Debug|Any CPU.Build.0 = Release|x64
		{5A328E8A-7722-472B-B6F5-601F0F870CC8}.netstandard-Unix-Debug|x64.ActiveCfg = Debug|x64
		{5A328E8A-7722-472B-B6F5-601F0F870CC8}.netstandard-Unix-Debug|x64.Build.0 = Debug|x64
		{5A328E8A-7722-472B-B6F5-601F0F870CC8}.netstandard-Unix-Debug|x86.ActiveCfg = Debug|Win32
		{5A328E8A-7722-472B-B6F5-601F0F870CC8}.netstandard-Unix-Debug|x86.Build.0 = Debug|Win32
		{5A328E8A-7722-472B-B6F5-601F0F870CC8}.netstandard-Unix-Release|Any CPU.ActiveCfg = Release|x64
		{5A328E8A-7722-472B-B6F5-601F0F870CC8}.netstandard-Unix-Release|Any CPU.Build.0 = Release|x64
		{5A328E8A-7722-472B-B6F5-601F0F870CC8}.netstandard-Unix-Release|x64.ActiveCfg = Release|x64
		{5A328E8A-7722-472B-B6F5-601F0F870CC8}.netstandard-Unix-Release|x64.Build.0 = Release|x64
		{5A328E8A-7722-472B-B6F5-601F0F870CC8}.netstandard-Unix-Release|x86.ActiveCfg = Release|Win32
		{5A328E8A-7722-472B-B6F5-601F0F870CC8}.netstandard-Unix-Release|x86.Build.0 = Release|Win32
		{5A328E8A-7722-472B-B6F5-601F0F870CC8}.netstandard-Windows_NT-Debug|Any CPU.ActiveCfg = Release|x64
		{5A328E8A-7722-472B-B6F5-601F0F870CC8}.netstandard-Windows_NT-Debug|Any CPU.Build.0 = Release|x64
		{5A328E8A-7722-472B-B6F5-601F0F870CC8}.netstandard-Windows_NT-Debug|x64.ActiveCfg = Debug|x64
		{5A328E8A-7722-472B-B6F5-601F0F870CC8}.netstandard-Windows_NT-Debug|x64.Build.0 = Debug|x64
		{5A328E8A-7722-472B-B6F5-601F0F870CC8}.netstandard-Windows_NT-Debug|x86.ActiveCfg = Debug|Win32
		{5A328E8A-7722-472B-B6F5-601F0F870CC8}.netstandard-Windows_NT-Debug|x86.Build.0 = Debug|Win32
		{5A328E8A-7722-472B-B6F5-601F0F870CC8}.netstandard-Windows_NT-Release|Any CPU.ActiveCfg = Release|x64
		{5A328E8A-7722-472B-B6F5-601F0F870CC8}.netstandard-Windows_NT-Release|Any CPU.Build.0 = Release|x64
		{5A328E8A-7722-472B-B6F5-601F0F870CC8}.netstandard-Windows_NT-Release|x64.ActiveCfg = Release|x64
		{5A328E8A-7722-472B-B6F5-601F0F870CC8}.netstandard-Windows_NT-Release|x64.Build.0 = Release|x64
		{5A328E8A-7722-472B-B6F5-601F0F870CC8}.netstandard-Windows_NT-Release|x86.ActiveCfg = Release|Win32
		{5A328E8A-7722-472B-B6F5-601F0F870CC8}.netstandard-Windows_NT-Release|x86.Build.0 = Release|Win32
		{5A328E8A-7722-472B-B6F5-601F0F870CC8}.Release|Any CPU.ActiveCfg = Release|Win32
		{5A328E8A-7722-472B-B6F5-601F0F870CC8}.Release|x64.ActiveCfg = Release|x64
		{5A328E8A-7722-472B-B6F5-601F0F870CC8}.Release|x64.Build.0 = Release|x64
		{5A328E8A-7722-472B-B6F5-601F0F870CC8}.Release|x86.ActiveCfg = Release|Win32
		{5A328E8A-7722-472B-B6F5-601F0F870CC8}.Release|x86.Build.0 = Release|Win32
		{4D396432-7121-4B9F-ADA2-51A9F897F216}.Debug|Any CPU.ActiveCfg = Debug|Win32
		{4D396432-7121-4B9F-ADA2-51A9F897F216}.Debug|x64.ActiveCfg = Debug|x64
		{4D396432-7121-4B9F-ADA2-51A9F897F216}.Debug|x64.Build.0 = Debug|x64
		{4D396432-7121-4B9F-ADA2-51A9F897F216}.Debug|x86.ActiveCfg = Debug|Win32
		{4D396432-7121-4B9F-ADA2-51A9F897F216}.Debug|x86.Build.0 = Debug|Win32
		{4D396432-7121-4B9F-ADA2-51A9F897F216}.netstandard-Unix-Debug|Any CPU.ActiveCfg = Release|x64
		{4D396432-7121-4B9F-ADA2-51A9F897F216}.netstandard-Unix-Debug|Any CPU.Build.0 = Release|x64
		{4D396432-7121-4B9F-ADA2-51A9F897F216}.netstandard-Unix-Debug|x64.ActiveCfg = Debug|x64
		{4D396432-7121-4B9F-ADA2-51A9F897F216}.netstandard-Unix-Debug|x64.Build.0 = Debug|x64
		{4D396432-7121-4B9F-ADA2-51A9F897F216}.netstandard-Unix-Debug|x86.ActiveCfg = Debug|Win32
		{4D396432-7121-4B9F-ADA2-51A9F897F216}.netstandard-Unix-Debug|x86.Build.0 = Debug|Win32
		{4D396432-7121-4B9F-ADA2-51A9F897F216}.netstandard-Unix-Release|Any CPU.ActiveCfg = Release|x64
		{4D396432-7121-4B9F-ADA2-51A9F897F216}.netstandard-Unix-Release|Any CPU.Build.0 = Release|x64
		{4D396432-7121-4B9F-ADA2-51A9F897F216}.netstandard-Unix-Release|x64.ActiveCfg = Release|x64
		{4D396432-7121-4B9F-ADA2-51A9F897F216}.netstandard-Unix-Release|x64.Build.0 = Release|x64
		{4D396432-7121-4B9F-ADA2-51A9F897F216}.netstandard-Unix-Release|x86.ActiveCfg = Release|Win32
		{4D396432-7121-4B9F-ADA2-51A9F897F216}.netstandard-Unix-Release|x86.Build.0 = Release|Win32
		{4D396432-7121-4B9F-ADA2-51A9F897F216}.netstandard-Windows_NT-Debug|Any CPU.ActiveCfg = Release|x64
		{4D396432-7121-4B9F-ADA2-51A9F897F216}.netstandard-Windows_NT-Debug|Any CPU.Build.0 = Release|x64
		{4D396432-7121-4B9F-ADA2-51A9F897F216}.netstandard-Windows_NT-Debug|x64.ActiveCfg = Debug|x64
		{4D396432-7121-4B9F-ADA2-51A9F897F216}.netstandard-Windows_NT-Debug|x64.Build.0 = Debug|x64
		{4D396432-7121-4B9F-ADA2-51A9F897F216}.netstandard-Windows_NT-Debug|x86.ActiveCfg = Debug|Win32
		{4D396432-7121-4B9F-ADA2-51A9F897F216}.netstandard-Windows_NT-Debug|x86.Build.0 = Debug|Win32
		{4D396432-7121-4B9F-ADA2-51A9F897F216}.netstandard-Windows_NT-Release|Any CPU.ActiveCfg = Release|x64
		{4D396432-7121-4B9F-ADA2-51A9F897F216}.netstandard-Windows_NT-Release|Any CPU.Build.0 = Release|x64
		{4D396432-7121-4B9F-ADA2-51A9F897F216}.netstandard-Windows_NT-Release|x64.ActiveCfg = Release|x64
		{4D396432-7121-4B9F-ADA2-51A9F897F216}.netstandard-Windows_NT-Release|x64.Build.0 = Release|x64
		{4D396432-7121-4B9F-ADA2-51A9F897F216}.netstandard-Windows_NT-Release|x86.ActiveCfg = Release|Win32
		{4D396432-7121-4B9F-ADA2-51A9F897F216}.netstandard-Windows_NT-Release|x86.Build.0 = Release|Win32
		{4D396432-7121-4B9F-ADA2-51A9F897F216}.Release|Any CPU.ActiveCfg = Release|Win32
		{4D396432-7121-4B9F-ADA2-51A9F897F216}.Release|x64.ActiveCfg = Release|x64
		{4D396432-7121-4B9F-ADA2-51A9F897F216}.Release|x64.Build.0 = Release|x64
		{4D396432-7121-4B9F-ADA2-51A9F897F216}.Release|x86.ActiveCfg = Release|Win32
		{4D396432-7121-4B9F-ADA2-51A9F897F216}.Release|x86.Build.0 = Release|Win32
		{BABEF527-0076-48CC-B42B-872151DAD85E}.Debug|Any CPU.ActiveCfg = Debug|Win32
		{BABEF527-0076-48CC-B42B-872151DAD85E}.Debug|x64.ActiveCfg = Debug|x64
		{BABEF527-0076-48CC-B42B-872151DAD85E}.Debug|x64.Build.0 = Debug|x64
		{BABEF527-0076-48CC-B42B-872151DAD85E}.Debug|x86.ActiveCfg = Debug|Win32
		{BABEF527-0076-48CC-B42B-872151DAD85E}.Debug|x86.Build.0 = Debug|Win32
		{BABEF527-0076-48CC-B42B-872151DAD85E}.netstandard-Unix-Debug|Any CPU.ActiveCfg = Release|x64
		{BABEF527-0076-48CC-B42B-872151DAD85E}.netstandard-Unix-Debug|Any CPU.Build.0 = Release|x64
		{BABEF527-0076-48CC-B42B-872151DAD85E}.netstandard-Unix-Debug|x64.ActiveCfg = Debug|x64
		{BABEF527-0076-48CC-B42B-872151DAD85E}.netstandard-Unix-Debug|x64.Build.0 = Debug|x64
		{BABEF527-0076-48CC-B42B-872151DAD85E}.netstandard-Unix-Debug|x86.ActiveCfg = Debug|Win32
		{BABEF527-0076-48CC-B42B-872151DAD85E}.netstandard-Unix-Debug|x86.Build.0 = Debug|Win32
		{BABEF527-0076-48CC-B42B-872151DAD85E}.netstandard-Unix-Release|Any CPU.ActiveCfg = Release|x64
		{BABEF527-0076-48CC-B42B-872151DAD85E}.netstandard-Unix-Release|Any CPU.Build.0 = Release|x64
		{BABEF527-0076-48CC-B42B-872151DAD85E}.netstandard-Unix-Release|x64.ActiveCfg = Release|x64
		{BABEF527-0076-48CC-B42B-872151DAD85E}.netstandard-Unix-Release|x64.Build.0 = Release|x64
		{BABEF527-0076-48CC-B42B-872151DAD85E}.netstandard-Unix-Release|x86.ActiveCfg = Release|Win32
		{BABEF527-0076-48CC-B42B-872151DAD85E}.netstandard-Unix-Release|x86.Build.0 = Release|Win32
		{BABEF527-0076-48CC-B42B-872151DAD85E}.netstandard-Windows_NT-Debug|Any CPU.ActiveCfg = Release|x64
		{BABEF527-0076-48CC-B42B-872151DAD85E}.netstandard-Windows_NT-Debug|Any CPU.Build.0 = Release|x64
		{BABEF527-0076-48CC-B42B-872151DAD85E}.netstandard-Windows_NT-Debug|x64.ActiveCfg = Debug|x64
		{BABEF527-0076-48CC-B42B-872151DAD85E}.netstandard-Windows_NT-Debug|x64.Build.0 = Debug|x64
		{BABEF527-0076-48CC-B42B-872151DAD85E}.netstandard-Windows_NT-Debug|x86.ActiveCfg = Debug|Win32
		{BABEF527-0076-48CC-B42B-872151DAD85E}.netstandard-Windows_NT-Debug|x86.Build.0 = Debug|Win32
		{BABEF527-0076-48CC-B42B-872151DAD85E}.netstandard-Windows_NT-Release|Any CPU.ActiveCfg = Release|x64
		{BABEF527-0076-48CC-B42B-872151DAD85E}.netstandard-Windows_NT-Release|Any CPU.Build.0 = Release|x64
		{BABEF527-0076-48CC-B42B-872151DAD85E}.netstandard-Windows_NT-Release|x64.ActiveCfg = Release|x64
		{BABEF527-0076-48CC-B42B-872151DAD85E}.netstandard-Windows_NT-Release|x64.Build.0 = Release|x64
		{BABEF527-0076-48CC-B42B-872151DAD85E}.netstandard-Windows_NT-Release|x86.ActiveCfg = Release|Win32
		{BABEF527-0076-48CC-B42B-872151DAD85E}.netstandard-Windows_NT-Release|x86.Build.0 = Release|Win32
		{BABEF527-0076-48CC-B42B-872151DAD85E}.Release|Any CPU.ActiveCfg = Release|Win32
		{BABEF527-0076-48CC-B42B-872151DAD85E}.Release|x64.ActiveCfg = Release|x64
		{BABEF527-0076-48CC-B42B-872151DAD85E}.Release|x64.Build.0 = Release|x64
		{BABEF527-0076-48CC-B42B-872151DAD85E}.Release|x86.ActiveCfg = Release|Win32
		{BABEF527-0076-48CC-B42B-872151DAD85E}.Release|x86.Build.0 = Release|Win32
		{8DE60D76-BA9A-43BE-BA26-F8845CA0BF17}.Debug|Any CPU.ActiveCfg = Debug|Win32
		{8DE60D76-BA9A-43BE-BA26-F8845CA0BF17}.Debug|x64.ActiveCfg = Debug|x64
		{8DE60D76-BA9A-43BE-BA26-F8845CA0BF17}.Debug|x64.Build.0 = Debug|x64
		{8DE60D76-BA9A-43BE-BA26-F8845CA0BF17}.Debug|x86.ActiveCfg = Debug|Win32
		{8DE60D76-BA9A-43BE-BA26-F8845CA0BF17}.Debug|x86.Build.0 = Debug|Win32
		{8DE60D76-BA9A-43BE-BA26-F8845CA0BF17}.netstandard-Unix-Debug|Any CPU.ActiveCfg = Release|x64
		{8DE60D76-BA9A-43BE-BA26-F8845CA0BF17}.netstandard-Unix-Debug|Any CPU.Build.0 = Release|x64
		{8DE60D76-BA9A-43BE-BA26-F8845CA0BF17}.netstandard-Unix-Debug|x64.ActiveCfg = Debug|x64
		{8DE60D76-BA9A-43BE-BA26-F8845CA0BF17}.netstandard-Unix-Debug|x64.Build.0 = Debug|x64
		{8DE60D76-BA9A-43BE-BA26-F8845CA0BF17}.netstandard-Unix-Debug|x86.ActiveCfg = Debug|Win32
		{8DE60D76-BA9A-43BE-BA26-F8845CA0BF17}.netstandard-Unix-Debug|x86.Build.0 = Debug|Win32
		{8DE60D76-BA9A-43BE-BA26-F8845CA0BF17}.netstandard-Unix-Release|Any CPU.ActiveCfg = Release|x64
		{8DE60D76-BA9A-43BE-BA26-F8845CA0BF17}.netstandard-Unix-Release|Any CPU.Build.0 = Release|x64
		{8DE60D76-BA9A-43BE-BA26-F8845CA0BF17}.netstandard-Unix-Release|x64.ActiveCfg = Release|x64
		{8DE60D76-BA9A-43BE-BA26-F8845CA0BF17}.netstandard-Unix-Release|x64.Build.0 = Release|x64
		{8DE60D76-BA9A-43BE-BA26-F8845CA0BF17}.netstandard-Unix-Release|x86.ActiveCfg = Release|Win32
		{8DE60D76-BA9A-43BE-BA26-F8845CA0BF17}.netstandard-Unix-Release|x86.Build.0 = Release|Win32
		{8DE60D76-BA9A-43BE-BA26-F8845CA0BF17}.netstandard-Windows_NT-Debug|Any CPU.ActiveCfg = Release|x64
		{8DE60D76-BA9A-43BE-BA26-F8845CA0BF17}.netstandard-Windows_NT-Debug|Any CPU.Build.0 = Release|x64
		{8DE60D76-BA9A-43BE-BA26-F8845CA0BF17}.netstandard-Windows_NT-Debug|x64.ActiveCfg = Debug|x64
		{8DE60D76-BA9A-43BE-BA26-F8845CA0BF17}.netstandard-Windows_NT-Debug|x64.Build.0 = Debug|x64
		{8DE60D76-BA9A-43BE-BA26-F8845CA0BF17}.netstandard-Windows_NT-Debug|x86.ActiveCfg = Debug|Win32
		{8DE60D76-BA9A-43BE-BA26-F8845CA0BF17}.netstandard-Windows_NT-Debug|x86.Build.0 = Debug|Win32
		{8DE60D76-BA9A-43BE-BA26-F8845CA0BF17}.netstandard-Windows_NT-Release|Any CPU.ActiveCfg = Release|x64
		{8DE60D76-BA9A-43BE-BA26-F8845CA0BF17}.netstandard-Windows_NT-Release|Any CPU.Build.0 = Release|x64
		{8DE60D76-BA9A-43BE-BA26-F8845CA0BF17}.netstandard-Windows_NT-Release|x64.ActiveCfg = Release|x64
		{8DE60D76-BA9A-43BE-BA26-F8845CA0BF17}.netstandard-Windows_NT-Release|x64.Build.0 = Release|x64
		{8DE60D76-BA9A-43BE-BA26-F8845CA0BF17}.netstandard-Windows_NT-Release|x86.ActiveCfg = Release|Win32
		{8DE60D76-BA9A-43BE-BA26-F8845CA0BF17}.netstandard-Windows_NT-Release|x86.Build.0 = Release|Win32
		{8DE60D76-BA9A-43BE-BA26-F8845CA0BF17}.Release|Any CPU.ActiveCfg = Release|Win32
		{8DE60D76-BA9A-43BE-BA26-F8845CA0BF17}.Release|x64.ActiveCfg = Release|x64
		{8DE60D76-BA9A-43BE-BA26-F8845CA0BF17}.Release|x64.Build.0 = Release|x64
		{8DE60D76-BA9A-43BE-BA26-F8845CA0BF17}.Release|x86.ActiveCfg = Release|Win32
		{8DE60D76-BA9A-43BE-BA26-F8845CA0BF17}.Release|x86.Build.0 = Release|Win32
		{7905527B-E689-4AA9-AEE2-CE200E804311}.Debug|Any CPU.ActiveCfg = Debug|Win32
		{7905527B-E689-4AA9-AEE2-CE200E804311}.Debug|x64.ActiveCfg = Debug|x64
		{7905527B-E689-4AA9-AEE2-CE200E804311}.Debug|x64.Build.0 = Debug|x64
		{7905527B-E689-4AA9-AEE2-CE200E804311}.Debug|x86.ActiveCfg = Debug|Win32
		{7905527B-E689-4AA9-AEE2-CE200E804311}.Debug|x86.Build.0 = Debug|Win32
		{7905527B-E689-4AA9-AEE2-CE200E804311}.netstandard-Unix-Debug|Any CPU.ActiveCfg = Release|x64
		{7905527B-E689-4AA9-AEE2-CE200E804311}.netstandard-Unix-Debug|Any CPU.Build.0 = Release|x64
		{7905527B-E689-4AA9-AEE2-CE200E804311}.netstandard-Unix-Debug|x64.ActiveCfg = Debug|x64
		{7905527B-E689-4AA9-AEE2-CE200E804311}.netstandard-Unix-Debug|x64.Build.0 = Debug|x64
		{7905527B-E689-4AA9-AEE2-CE200E804311}.netstandard-Unix-Debug|x86.ActiveCfg = Debug|Win32
		{7905527B-E689-4AA9-AEE2-CE200E804311}.netstandard-Unix-Debug|x86.Build.0 = Debug|Win32
		{7905527B-E689-4AA9-AEE2-CE200E804311}.netstandard-Unix-Release|Any CPU.ActiveCfg = Release|x64
		{7905527B-E689-4AA9-AEE2-CE200E804311}.netstandard-Unix-Release|Any CPU.Build.0 = Release|x64
		{7905527B-E689-4AA9-AEE2-CE200E804311}.netstandard-Unix-Release|x64.ActiveCfg = Release|x64
		{7905527B-E689-4AA9-AEE2-CE200E804311}.netstandard-Unix-Release|x64.Build.0 = Release|x64
		{7905527B-E689-4AA9-AEE2-CE200E804311}.netstandard-Unix-Release|x86.ActiveCfg = Release|Win32
		{7905527B-E689-4AA9-AEE2-CE200E804311}.netstandard-Unix-Release|x86.Build.0 = Release|Win32
		{7905527B-E689-4AA9-AEE2-CE200E804311}.netstandard-Windows_NT-Debug|Any CPU.ActiveCfg = Release|x64
		{7905527B-E689-4AA9-AEE2-CE200E804311}.netstandard-Windows_NT-Debug|Any CPU.Build.0 = Release|x64
		{7905527B-E689-4AA9-AEE2-CE200E804311}.netstandard-Windows_NT-Debug|x64.ActiveCfg = Debug|x64
		{7905527B-E689-4AA9-AEE2-CE200E804311}.netstandard-Windows_NT-Debug|x64.Build.0 = Debug|x64
		{7905527B-E689-4AA9-AEE2-CE200E804311}.netstandard-Windows_NT-Debug|x86.ActiveCfg = Debug|Win32
		{7905527B-E689-4AA9-AEE2-CE200E804311}.netstandard-Windows_NT-Debug|x86.Build.0 = Debug|Win32
		{7905527B-E689-4AA9-AEE2-CE200E804311}.netstandard-Windows_NT-Release|Any CPU.ActiveCfg = Release|x64
		{7905527B-E689-4AA9-AEE2-CE200E804311}.netstandard-Windows_NT-Release|Any CPU.Build.0 = Release|x64
		{7905527B-E689-4AA9-AEE2-CE200E804311}.netstandard-Windows_NT-Release|x64.ActiveCfg = Release|x64
		{7905527B-E689-4AA9-AEE2-CE200E804311}.netstandard-Windows_NT-Release|x64.Build.0 = Release|x64
		{7905527B-E689-4AA9-AEE2-CE200E804311}.netstandard-Windows_NT-Release|x86.ActiveCfg = Release|Win32
		{7905527B-E689-4AA9-AEE2-CE200E804311}.netstandard-Windows_NT-Release|x86.Build.0 = Release|Win32
		{7905527B-E689-4AA9-AEE2-CE200E804311}.Release|Any CPU.ActiveCfg = Release|Win32
		{7905527B-E689-4AA9-AEE2-CE200E804311}.Release|x64.ActiveCfg = Release|x64
		{7905527B-E689-4AA9-AEE2-CE200E804311}.Release|x64.Build.0 = Release|x64
		{7905527B-E689-4AA9-AEE2-CE200E804311}.Release|x86.ActiveCfg = Release|Win32
		{7905527B-E689-4AA9-AEE2-CE200E804311}.Release|x86.Build.0 = Release|Win32
		{37431336-5307-4184-9356-C4B7E47DC714}.Debug|Any CPU.ActiveCfg = netcoreapp-Unix-Debug|Any CPU
		{37431336-5307-4184-9356-C4B7E47DC714}.Debug|Any CPU.Build.0 = netcoreapp-Unix-Debug|Any CPU
		{37431336-5307-4184-9356-C4B7E47DC714}.Debug|x64.ActiveCfg = netcoreapp-Unix-Debug|Any CPU
		{37431336-5307-4184-9356-C4B7E47DC714}.Debug|x64.Build.0 = netcoreapp-Unix-Debug|Any CPU
		{37431336-5307-4184-9356-C4B7E47DC714}.Debug|x86.ActiveCfg = netcoreapp-Unix-Debug|Any CPU
		{37431336-5307-4184-9356-C4B7E47DC714}.Debug|x86.Build.0 = netcoreapp-Unix-Debug|Any CPU
		{37431336-5307-4184-9356-C4B7E47DC714}.netstandard-Unix-Debug|Any CPU.ActiveCfg = netstandard-Unix-Debug|Any CPU
		{37431336-5307-4184-9356-C4B7E47DC714}.netstandard-Unix-Debug|Any CPU.Build.0 = netstandard-Unix-Debug|Any CPU
		{37431336-5307-4184-9356-C4B7E47DC714}.netstandard-Unix-Debug|x64.ActiveCfg = netstandard-Unix-Debug|Any CPU
		{37431336-5307-4184-9356-C4B7E47DC714}.netstandard-Unix-Debug|x64.Build.0 = netstandard-Unix-Debug|Any CPU
		{37431336-5307-4184-9356-C4B7E47DC714}.netstandard-Unix-Debug|x86.ActiveCfg = netstandard-Unix-Debug|Any CPU
		{37431336-5307-4184-9356-C4B7E47DC714}.netstandard-Unix-Debug|x86.Build.0 = netstandard-Unix-Debug|Any CPU
		{37431336-5307-4184-9356-C4B7E47DC714}.netstandard-Unix-Release|Any CPU.ActiveCfg = netstandard-Unix-Release|Any CPU
		{37431336-5307-4184-9356-C4B7E47DC714}.netstandard-Unix-Release|Any CPU.Build.0 = netstandard-Unix-Release|Any CPU
		{37431336-5307-4184-9356-C4B7E47DC714}.netstandard-Unix-Release|x64.ActiveCfg = netstandard-Unix-Release|Any CPU
		{37431336-5307-4184-9356-C4B7E47DC714}.netstandard-Unix-Release|x64.Build.0 = netstandard-Unix-Release|Any CPU
		{37431336-5307-4184-9356-C4B7E47DC714}.netstandard-Unix-Release|x86.ActiveCfg = netstandard-Unix-Release|Any CPU
		{37431336-5307-4184-9356-C4B7E47DC714}.netstandard-Unix-Release|x86.Build.0 = netstandard-Unix-Release|Any CPU
		{37431336-5307-4184-9356-C4B7E47DC714}.netstandard-Windows_NT-Debug|Any CPU.ActiveCfg = netstandard-Windows_NT-Debug|Any CPU
		{37431336-5307-4184-9356-C4B7E47DC714}.netstandard-Windows_NT-Debug|Any CPU.Build.0 = netstandard-Windows_NT-Debug|Any CPU
		{37431336-5307-4184-9356-C4B7E47DC714}.netstandard-Windows_NT-Debug|x64.ActiveCfg = netstandard-Windows_NT-Debug|Any CPU
		{37431336-5307-4184-9356-C4B7E47DC714}.netstandard-Windows_NT-Debug|x64.Build.0 = netstandard-Windows_NT-Debug|Any CPU
		{37431336-5307-4184-9356-C4B7E47DC714}.netstandard-Windows_NT-Debug|x86.ActiveCfg = netstandard-Windows_NT-Debug|Any CPU
		{37431336-5307-4184-9356-C4B7E47DC714}.netstandard-Windows_NT-Debug|x86.Build.0 = netstandard-Windows_NT-Debug|Any CPU
		{37431336-5307-4184-9356-C4B7E47DC714}.netstandard-Windows_NT-Release|Any CPU.ActiveCfg = netstandard-Windows_NT-Release|Any CPU
		{37431336-5307-4184-9356-C4B7E47DC714}.netstandard-Windows_NT-Release|Any CPU.Build.0 = netstandard-Windows_NT-Release|Any CPU
		{37431336-5307-4184-9356-C4B7E47DC714}.netstandard-Windows_NT-Release|x64.ActiveCfg = netstandard-Windows_NT-Release|Any CPU
		{37431336-5307-4184-9356-C4B7E47DC714}.netstandard-Windows_NT-Release|x64.Build.0 = netstandard-Windows_NT-Release|Any CPU
		{37431336-5307-4184-9356-C4B7E47DC714}.netstandard-Windows_NT-Release|x86.ActiveCfg = netstandard-Windows_NT-Release|Any CPU
		{37431336-5307-4184-9356-C4B7E47DC714}.netstandard-Windows_NT-Release|x86.Build.0 = netstandard-Windows_NT-Release|Any CPU
		{37431336-5307-4184-9356-C4B7E47DC714}.Release|Any CPU.ActiveCfg = netfx-Windows_NT-Release|Any CPU
		{37431336-5307-4184-9356-C4B7E47DC714}.Release|Any CPU.Build.0 = netfx-Windows_NT-Release|Any CPU
		{37431336-5307-4184-9356-C4B7E47DC714}.Release|x64.ActiveCfg = netfx-Windows_NT-Release|Any CPU
		{37431336-5307-4184-9356-C4B7E47DC714}.Release|x64.Build.0 = netfx-Windows_NT-Release|Any CPU
		{37431336-5307-4184-9356-C4B7E47DC714}.Release|x86.ActiveCfg = netfx-Windows_NT-Release|Any CPU
		{37431336-5307-4184-9356-C4B7E47DC714}.Release|x86.Build.0 = netfx-Windows_NT-Release|Any CPU
		{978063D3-FBB5-4E10-8C45-67C90BE1B931}.Debug|Any CPU.ActiveCfg = netstandard-Unix-Debug|Any CPU
		{978063D3-FBB5-4E10-8C45-67C90BE1B931}.Debug|Any CPU.Build.0 = netstandard-Unix-Debug|Any CPU
		{978063D3-FBB5-4E10-8C45-67C90BE1B931}.Debug|x64.ActiveCfg = netstandard-Unix-Debug|Any CPU
		{978063D3-FBB5-4E10-8C45-67C90BE1B931}.Debug|x64.Build.0 = netstandard-Unix-Debug|Any CPU
		{978063D3-FBB5-4E10-8C45-67C90BE1B931}.Debug|x86.ActiveCfg = netstandard-Unix-Debug|Any CPU
		{978063D3-FBB5-4E10-8C45-67C90BE1B931}.Debug|x86.Build.0 = netstandard-Unix-Debug|Any CPU
		{978063D3-FBB5-4E10-8C45-67C90BE1B931}.netstandard-Unix-Debug|Any CPU.ActiveCfg = netstandard-Unix-Debug|Any CPU
		{978063D3-FBB5-4E10-8C45-67C90BE1B931}.netstandard-Unix-Debug|Any CPU.Build.0 = netstandard-Unix-Debug|Any CPU
		{978063D3-FBB5-4E10-8C45-67C90BE1B931}.netstandard-Unix-Debug|x64.ActiveCfg = netstandard-Unix-Debug|Any CPU
		{978063D3-FBB5-4E10-8C45-67C90BE1B931}.netstandard-Unix-Debug|x64.Build.0 = netstandard-Unix-Debug|Any CPU
		{978063D3-FBB5-4E10-8C45-67C90BE1B931}.netstandard-Unix-Debug|x86.ActiveCfg = netstandard-Unix-Debug|Any CPU
		{978063D3-FBB5-4E10-8C45-67C90BE1B931}.netstandard-Unix-Debug|x86.Build.0 = netstandard-Unix-Debug|Any CPU
		{978063D3-FBB5-4E10-8C45-67C90BE1B931}.netstandard-Unix-Release|Any CPU.ActiveCfg = netstandard-Unix-Release|Any CPU
		{978063D3-FBB5-4E10-8C45-67C90BE1B931}.netstandard-Unix-Release|Any CPU.Build.0 = netstandard-Unix-Release|Any CPU
		{978063D3-FBB5-4E10-8C45-67C90BE1B931}.netstandard-Unix-Release|x64.ActiveCfg = netstandard-Unix-Release|Any CPU
		{978063D3-FBB5-4E10-8C45-67C90BE1B931}.netstandard-Unix-Release|x64.Build.0 = netstandard-Unix-Release|Any CPU
		{978063D3-FBB5-4E10-8C45-67C90BE1B931}.netstandard-Unix-Release|x86.ActiveCfg = netstandard-Unix-Release|Any CPU
		{978063D3-FBB5-4E10-8C45-67C90BE1B931}.netstandard-Unix-Release|x86.Build.0 = netstandard-Unix-Release|Any CPU
		{978063D3-FBB5-4E10-8C45-67C90BE1B931}.netstandard-Windows_NT-Debug|Any CPU.ActiveCfg = netstandard-Windows_NT-Debug|Any CPU
		{978063D3-FBB5-4E10-8C45-67C90BE1B931}.netstandard-Windows_NT-Debug|Any CPU.Build.0 = netstandard-Windows_NT-Debug|Any CPU
		{978063D3-FBB5-4E10-8C45-67C90BE1B931}.netstandard-Windows_NT-Debug|x64.ActiveCfg = netstandard-Windows_NT-Debug|Any CPU
		{978063D3-FBB5-4E10-8C45-67C90BE1B931}.netstandard-Windows_NT-Debug|x64.Build.0 = netstandard-Windows_NT-Debug|Any CPU
		{978063D3-FBB5-4E10-8C45-67C90BE1B931}.netstandard-Windows_NT-Debug|x86.ActiveCfg = netstandard-Windows_NT-Debug|Any CPU
		{978063D3-FBB5-4E10-8C45-67C90BE1B931}.netstandard-Windows_NT-Debug|x86.Build.0 = netstandard-Windows_NT-Debug|Any CPU
		{978063D3-FBB5-4E10-8C45-67C90BE1B931}.netstandard-Windows_NT-Release|Any CPU.ActiveCfg = netstandard-Windows_NT-Release|Any CPU
		{978063D3-FBB5-4E10-8C45-67C90BE1B931}.netstandard-Windows_NT-Release|Any CPU.Build.0 = netstandard-Windows_NT-Release|Any CPU
		{978063D3-FBB5-4E10-8C45-67C90BE1B931}.netstandard-Windows_NT-Release|x64.ActiveCfg = netstandard-Windows_NT-Release|Any CPU
		{978063D3-FBB5-4E10-8C45-67C90BE1B931}.netstandard-Windows_NT-Release|x64.Build.0 = netstandard-Windows_NT-Release|Any CPU
		{978063D3-FBB5-4E10-8C45-67C90BE1B931}.netstandard-Windows_NT-Release|x86.ActiveCfg = netstandard-Windows_NT-Release|Any CPU
		{978063D3-FBB5-4E10-8C45-67C90BE1B931}.netstandard-Windows_NT-Release|x86.Build.0 = netstandard-Windows_NT-Release|Any CPU
		{978063D3-FBB5-4E10-8C45-67C90BE1B931}.Release|Any CPU.ActiveCfg = netstandard-Unix-Release|Any CPU
		{978063D3-FBB5-4E10-8C45-67C90BE1B931}.Release|Any CPU.Build.0 = netstandard-Unix-Release|Any CPU
		{978063D3-FBB5-4E10-8C45-67C90BE1B931}.Release|x64.ActiveCfg = netstandard-Unix-Release|Any CPU
		{978063D3-FBB5-4E10-8C45-67C90BE1B931}.Release|x64.Build.0 = netstandard-Unix-Release|Any CPU
		{978063D3-FBB5-4E10-8C45-67C90BE1B931}.Release|x86.ActiveCfg = netstandard-Unix-Release|Any CPU
		{978063D3-FBB5-4E10-8C45-67C90BE1B931}.Release|x86.Build.0 = netstandard-Unix-Release|Any CPU
		{8DC9D1A0-351B-47BC-A90F-B9DA542550E9}.Debug|Any CPU.ActiveCfg = netstandard-Unix-Debug|Any CPU
		{8DC9D1A0-351B-47BC-A90F-B9DA542550E9}.Debug|Any CPU.Build.0 = netstandard-Unix-Debug|Any CPU
		{8DC9D1A0-351B-47BC-A90F-B9DA542550E9}.Debug|x64.ActiveCfg = netstandard-Unix-Debug|Any CPU
		{8DC9D1A0-351B-47BC-A90F-B9DA542550E9}.Debug|x64.Build.0 = netstandard-Unix-Debug|Any CPU
		{8DC9D1A0-351B-47BC-A90F-B9DA542550E9}.Debug|x86.ActiveCfg = netstandard-Unix-Debug|Any CPU
		{8DC9D1A0-351B-47BC-A90F-B9DA542550E9}.Debug|x86.Build.0 = netstandard-Unix-Debug|Any CPU
		{8DC9D1A0-351B-47BC-A90F-B9DA542550E9}.netstandard-Unix-Debug|Any CPU.ActiveCfg = netstandard-Unix-Debug|Any CPU
		{8DC9D1A0-351B-47BC-A90F-B9DA542550E9}.netstandard-Unix-Debug|Any CPU.Build.0 = netstandard-Unix-Debug|Any CPU
		{8DC9D1A0-351B-47BC-A90F-B9DA542550E9}.netstandard-Unix-Debug|x64.ActiveCfg = netstandard-Unix-Debug|Any CPU
		{8DC9D1A0-351B-47BC-A90F-B9DA542550E9}.netstandard-Unix-Debug|x64.Build.0 = netstandard-Unix-Debug|Any CPU
		{8DC9D1A0-351B-47BC-A90F-B9DA542550E9}.netstandard-Unix-Debug|x86.ActiveCfg = netstandard-Unix-Debug|Any CPU
		{8DC9D1A0-351B-47BC-A90F-B9DA542550E9}.netstandard-Unix-Debug|x86.Build.0 = netstandard-Unix-Debug|Any CPU
		{8DC9D1A0-351B-47BC-A90F-B9DA542550E9}.netstandard-Unix-Release|Any CPU.ActiveCfg = netstandard-Unix-Release|Any CPU
		{8DC9D1A0-351B-47BC-A90F-B9DA542550E9}.netstandard-Unix-Release|Any CPU.Build.0 = netstandard-Unix-Release|Any CPU
		{8DC9D1A0-351B-47BC-A90F-B9DA542550E9}.netstandard-Unix-Release|x64.ActiveCfg = netstandard-Unix-Release|Any CPU
		{8DC9D1A0-351B-47BC-A90F-B9DA542550E9}.netstandard-Unix-Release|x64.Build.0 = netstandard-Unix-Release|Any CPU
		{8DC9D1A0-351B-47BC-A90F-B9DA542550E9}.netstandard-Unix-Release|x86.ActiveCfg = netstandard-Unix-Release|Any CPU
		{8DC9D1A0-351B-47BC-A90F-B9DA542550E9}.netstandard-Unix-Release|x86.Build.0 = netstandard-Unix-Release|Any CPU
		{8DC9D1A0-351B-47BC-A90F-B9DA542550E9}.netstandard-Windows_NT-Debug|Any CPU.ActiveCfg = netstandard-Windows_NT-Debug|Any CPU
		{8DC9D1A0-351B-47BC-A90F-B9DA542550E9}.netstandard-Windows_NT-Debug|Any CPU.Build.0 = netstandard-Windows_NT-Debug|Any CPU
		{8DC9D1A0-351B-47BC-A90F-B9DA542550E9}.netstandard-Windows_NT-Debug|x64.ActiveCfg = netstandard-Windows_NT-Debug|Any CPU
		{8DC9D1A0-351B-47BC-A90F-B9DA542550E9}.netstandard-Windows_NT-Debug|x64.Build.0 = netstandard-Windows_NT-Debug|Any CPU
		{8DC9D1A0-351B-47BC-A90F-B9DA542550E9}.netstandard-Windows_NT-Debug|x86.ActiveCfg = netstandard-Windows_NT-Debug|Any CPU
		{8DC9D1A0-351B-47BC-A90F-B9DA542550E9}.netstandard-Windows_NT-Debug|x86.Build.0 = netstandard-Windows_NT-Debug|Any CPU
		{8DC9D1A0-351B-47BC-A90F-B9DA542550E9}.netstandard-Windows_NT-Release|Any CPU.ActiveCfg = netstandard-Windows_NT-Release|Any CPU
		{8DC9D1A0-351B-47BC-A90F-B9DA542550E9}.netstandard-Windows_NT-Release|Any CPU.Build.0 = netstandard-Windows_NT-Release|Any CPU
		{8DC9D1A0-351B-47BC-A90F-B9DA542550E9}.netstandard-Windows_NT-Release|x64.ActiveCfg = netstandard-Windows_NT-Release|Any CPU
		{8DC9D1A0-351B-47BC-A90F-B9DA542550E9}.netstandard-Windows_NT-Release|x64.Build.0 = netstandard-Windows_NT-Release|Any CPU
		{8DC9D1A0-351B-47BC-A90F-B9DA542550E9}.netstandard-Windows_NT-Release|x86.ActiveCfg = netstandard-Windows_NT-Release|Any CPU
		{8DC9D1A0-351B-47BC-A90F-B9DA542550E9}.netstandard-Windows_NT-Release|x86.Build.0 = netstandard-Windows_NT-Release|Any CPU
		{8DC9D1A0-351B-47BC-A90F-B9DA542550E9}.Release|Any CPU.ActiveCfg = netstandard-Unix-Release|Any CPU
		{8DC9D1A0-351B-47BC-A90F-B9DA542550E9}.Release|Any CPU.Build.0 = netstandard-Unix-Release|Any CPU
		{8DC9D1A0-351B-47BC-A90F-B9DA542550E9}.Release|x64.ActiveCfg = netstandard-Unix-Release|Any CPU
		{8DC9D1A0-351B-47BC-A90F-B9DA542550E9}.Release|x64.Build.0 = netstandard-Unix-Release|Any CPU
		{8DC9D1A0-351B-47BC-A90F-B9DA542550E9}.Release|x86.ActiveCfg = netstandard-Unix-Release|Any CPU
		{8DC9D1A0-351B-47BC-A90F-B9DA542550E9}.Release|x86.Build.0 = netstandard-Unix-Release|Any CPU
		{1FF891B4-D3DE-4CCE-887C-CB48F5351A45}.Debug|Any CPU.ActiveCfg = netstandard-Unix-Debug|Any CPU
		{1FF891B4-D3DE-4CCE-887C-CB48F5351A45}.Debug|Any CPU.Build.0 = netstandard-Unix-Debug|Any CPU
		{1FF891B4-D3DE-4CCE-887C-CB48F5351A45}.Debug|x64.ActiveCfg = netstandard-Unix-Debug|Any CPU
		{1FF891B4-D3DE-4CCE-887C-CB48F5351A45}.Debug|x64.Build.0 = netstandard-Unix-Debug|Any CPU
		{1FF891B4-D3DE-4CCE-887C-CB48F5351A45}.Debug|x86.ActiveCfg = netstandard-Unix-Debug|Any CPU
		{1FF891B4-D3DE-4CCE-887C-CB48F5351A45}.Debug|x86.Build.0 = netstandard-Unix-Debug|Any CPU
		{1FF891B4-D3DE-4CCE-887C-CB48F5351A45}.netstandard-Unix-Debug|Any CPU.ActiveCfg = netstandard-Unix-Debug|Any CPU
		{1FF891B4-D3DE-4CCE-887C-CB48F5351A45}.netstandard-Unix-Debug|Any CPU.Build.0 = netstandard-Unix-Debug|Any CPU
		{1FF891B4-D3DE-4CCE-887C-CB48F5351A45}.netstandard-Unix-Debug|x64.ActiveCfg = netstandard-Unix-Debug|Any CPU
		{1FF891B4-D3DE-4CCE-887C-CB48F5351A45}.netstandard-Unix-Debug|x64.Build.0 = netstandard-Unix-Debug|Any CPU
		{1FF891B4-D3DE-4CCE-887C-CB48F5351A45}.netstandard-Unix-Debug|x86.ActiveCfg = netstandard-Unix-Debug|Any CPU
		{1FF891B4-D3DE-4CCE-887C-CB48F5351A45}.netstandard-Unix-Debug|x86.Build.0 = netstandard-Unix-Debug|Any CPU
		{1FF891B4-D3DE-4CCE-887C-CB48F5351A45}.netstandard-Unix-Release|Any CPU.ActiveCfg = netstandard-Unix-Release|Any CPU
		{1FF891B4-D3DE-4CCE-887C-CB48F5351A45}.netstandard-Unix-Release|Any CPU.Build.0 = netstandard-Unix-Release|Any CPU
		{1FF891B4-D3DE-4CCE-887C-CB48F5351A45}.netstandard-Unix-Release|x64.ActiveCfg = netstandard-Unix-Release|Any CPU
		{1FF891B4-D3DE-4CCE-887C-CB48F5351A45}.netstandard-Unix-Release|x64.Build.0 = netstandard-Unix-Release|Any CPU
		{1FF891B4-D3DE-4CCE-887C-CB48F5351A45}.netstandard-Unix-Release|x86.ActiveCfg = netstandard-Unix-Release|Any CPU
		{1FF891B4-D3DE-4CCE-887C-CB48F5351A45}.netstandard-Unix-Release|x86.Build.0 = netstandard-Unix-Release|Any CPU
		{1FF891B4-D3DE-4CCE-887C-CB48F5351A45}.netstandard-Windows_NT-Debug|Any CPU.ActiveCfg = netstandard-Windows_NT-Debug|Any CPU
		{1FF891B4-D3DE-4CCE-887C-CB48F5351A45}.netstandard-Windows_NT-Debug|Any CPU.Build.0 = netstandard-Windows_NT-Debug|Any CPU
		{1FF891B4-D3DE-4CCE-887C-CB48F5351A45}.netstandard-Windows_NT-Debug|x64.ActiveCfg = netstandard-Windows_NT-Debug|Any CPU
		{1FF891B4-D3DE-4CCE-887C-CB48F5351A45}.netstandard-Windows_NT-Debug|x64.Build.0 = netstandard-Windows_NT-Debug|Any CPU
		{1FF891B4-D3DE-4CCE-887C-CB48F5351A45}.netstandard-Windows_NT-Debug|x86.ActiveCfg = netstandard-Windows_NT-Debug|Any CPU
		{1FF891B4-D3DE-4CCE-887C-CB48F5351A45}.netstandard-Windows_NT-Debug|x86.Build.0 = netstandard-Windows_NT-Debug|Any CPU
		{1FF891B4-D3DE-4CCE-887C-CB48F5351A45}.netstandard-Windows_NT-Release|Any CPU.ActiveCfg = netstandard-Windows_NT-Release|Any CPU
		{1FF891B4-D3DE-4CCE-887C-CB48F5351A45}.netstandard-Windows_NT-Release|Any CPU.Build.0 = netstandard-Windows_NT-Release|Any CPU
		{1FF891B4-D3DE-4CCE-887C-CB48F5351A45}.netstandard-Windows_NT-Release|x64.ActiveCfg = netstandard-Windows_NT-Release|Any CPU
		{1FF891B4-D3DE-4CCE-887C-CB48F5351A45}.netstandard-Windows_NT-Release|x64.Build.0 = netstandard-Windows_NT-Release|Any CPU
		{1FF891B4-D3DE-4CCE-887C-CB48F5351A45}.netstandard-Windows_NT-Release|x86.ActiveCfg = netstandard-Windows_NT-Release|Any CPU
		{1FF891B4-D3DE-4CCE-887C-CB48F5351A45}.netstandard-Windows_NT-Release|x86.Build.0 = netstandard-Windows_NT-Release|Any CPU
		{1FF891B4-D3DE-4CCE-887C-CB48F5351A45}.Release|Any CPU.ActiveCfg = netstandard-Unix-Release|Any CPU
		{1FF891B4-D3DE-4CCE-887C-CB48F5351A45}.Release|Any CPU.Build.0 = netstandard-Unix-Release|Any CPU
		{1FF891B4-D3DE-4CCE-887C-CB48F5351A45}.Release|x64.ActiveCfg = netstandard-Unix-Release|Any CPU
		{1FF891B4-D3DE-4CCE-887C-CB48F5351A45}.Release|x64.Build.0 = netstandard-Unix-Release|Any CPU
		{1FF891B4-D3DE-4CCE-887C-CB48F5351A45}.Release|x86.ActiveCfg = netstandard-Unix-Release|Any CPU
		{1FF891B4-D3DE-4CCE-887C-CB48F5351A45}.Release|x86.Build.0 = netstandard-Unix-Release|Any CPU
	EndGlobalSection
	GlobalSection(SolutionProperties) = preSolution
		HideSolutionNode = FALSE
	EndGlobalSection
	GlobalSection(NestedProjects) = preSolution
		{978063D3-FBB5-4E10-8C45-67C90BE1B931} = {0CC4817A-12F3-4357-912C-09315FAAD008}
		{8DC9D1A0-351B-47BC-A90F-B9DA542550E9} = {0CC4817A-12F3-4357-912C-09315FAAD008}
		{1FF891B4-D3DE-4CCE-887C-CB48F5351A45} = {0CC4817A-12F3-4357-912C-09315FAAD008}
	EndGlobalSection
	GlobalSection(ExtensibilityGlobals) = postSolution
		SolutionGuid = {01D48116-37A2-4D33-B9EC-94793C702431}
	EndGlobalSection
EndGlobal
