
Microsoft Visual Studio Solution File, Format Version 12.00
# Visual Studio 15
VisualStudioVersion = 15.0.27004.2010
MinimumVisualStudioVersion = 10.0.40219.1
Project("{FAE04EC0-301F-11D3-BF4B-00C04F79EFBC}") = "Microsoft.Data.SqlClient", "Microsoft.Data.SqlClient\netfx\src\Microsoft.Data.SqlClient.csproj", "{407890AC-9876-4FEF-A6F1-F36A876BAADE}"
EndProject
Project("{2150E333-8FDC-42A3-9474-1A3956D46DE8}") = "test", "test", "{0CC4817A-12F3-4357-912C-09315FAAD008}"
EndProject
Project("{9A19103F-16F7-4668-BE54-9A1E7A4F7556}") = "TDS.EndPoint", "Microsoft.Data.SqlClient\tests\tools\TDS\TDS.EndPoint\TDS.EndPoint.csproj", "{1FF891B4-D3DE-4CCE-887C-CB48F5351A45}"
EndProject
Project("{9A19103F-16F7-4668-BE54-9A1E7A4F7556}") = "TDS.Servers", "Microsoft.Data.SqlClient\tests\tools\TDS\TDS.Servers\TDS.Servers.csproj", "{978063D3-FBB5-4E10-8C45-67C90BE1B931}"
EndProject
Project("{9A19103F-16F7-4668-BE54-9A1E7A4F7556}") = "TDS", "Microsoft.Data.SqlClient\tests\tools\TDS\TDS\TDS.csproj", "{8DC9D1A0-351B-47BC-A90F-B9DA542550E9}"
EndProject
Project("{9A19103F-16F7-4668-BE54-9A1E7A4F7556}") = "CoreFx.Private.TestUtilities", "Microsoft.Data.SqlClient\tests\tools\CoreFx.Private.TestUtilities\CoreFx.Private.TestUtilities.csproj", "{EBDB0247-CA43-4226-B7A1-8FEF21061D09}"
EndProject
Project("{9A19103F-16F7-4668-BE54-9A1E7A4F7556}") = "Microsoft.Data.SqlClient.Tests", "Microsoft.Data.SqlClient\tests\FunctionalTests\Microsoft.Data.SqlClient.Tests.csproj", "{D2D1E2D1-B6E0-489F-A36D-1F3047AB87B9}"
EndProject
Project("{9A19103F-16F7-4668-BE54-9A1E7A4F7556}") = "Microsoft.Data.SqlClient", "Microsoft.Data.SqlClient\netcore\src\Microsoft.Data.SqlClient.csproj", "{37431336-5307-4184-9356-C4B7E47DC714}"
EndProject
Project("{2150E333-8FDC-42A3-9474-1A3956D46DE8}") = "netcore", "netcore", "{28E5EFE6-C9DD-4FF9-9FEC-532F72DFFA6E}"
EndProject
Project("{2150E333-8FDC-42A3-9474-1A3956D46DE8}") = "netfx", "netfx", "{3FDD425C-FE01-4B56-863E-1FCDD0677CF5}"
EndProject
Project("{9A19103F-16F7-4668-BE54-9A1E7A4F7556}") = "Address", "Microsoft.Data.SqlClient\tests\ManualTests\SQL\UdtTest\UDTs\Address\Address.csproj", "{D1392B54-998A-4F27-BC17-4CE149117BCC}"
	ProjectSection(ProjectDependencies) = postProject
		{407890AC-9876-4FEF-A6F1-F36A876BAADE} = {407890AC-9876-4FEF-A6F1-F36A876BAADE}
	EndProjectSection
EndProject
Project("{9A19103F-16F7-4668-BE54-9A1E7A4F7556}") = "Microsoft.Data.SqlClient.ManualTesting.Tests", "Microsoft.Data.SqlClient\tests\ManualTests\Microsoft.Data.SqlClient.ManualTesting.Tests.csproj", "{45DB5F86-7AE3-45C6-870D-F9357B66BDB5}"
EndProject
Project("{9A19103F-16F7-4668-BE54-9A1E7A4F7556}") = "Circle", "Microsoft.Data.SqlClient\tests\ManualTests\SQL\UdtTest\UDTs\Circle\Circle.csproj", "{6C88F00F-9597-43AD-9E5F-9B344DA3B16F}"
EndProject
Project("{9A19103F-16F7-4668-BE54-9A1E7A4F7556}") = "Shapes", "Microsoft.Data.SqlClient\tests\ManualTests\SQL\UdtTest\UDTs\Shapes\Shapes.csproj", "{B73A7063-37C3-415D-AD53-BB3DA20ABD6E}"
EndProject
Project("{9A19103F-16F7-4668-BE54-9A1E7A4F7556}") = "Utf8String", "Microsoft.Data.SqlClient\tests\ManualTests\SQL\UdtTest\UDTs\Utf8String\Utf8String.csproj", "{E0A6BB21-574B-43D9-890D-6E1144F2EE9E}"
EndProject
Project("{2150E333-8FDC-42A3-9474-1A3956D46DE8}") = "ref", "ref", "{A2E7E470-5EFF-4828-B55E-FCBA3650F51C}"
EndProject
Project("{9A19103F-16F7-4668-BE54-9A1E7A4F7556}") = "Microsoft.Data.SqlClient", "Microsoft.Data.SqlClient\netcore\ref\Microsoft.Data.SqlClient.csproj", "{1C9FC4B8-54BC-4B6C-BB3A-F5CD59D80A9B}"
EndProject
Project("{2150E333-8FDC-42A3-9474-1A3956D46DE8}") = "ref", "ref", "{771F3F1E-7A68-4A9D-ADA8-A24F1D5BE71D}"
EndProject
Project("{9A19103F-16F7-4668-BE54-9A1E7A4F7556}") = "Microsoft.Data.SqlClient", "Microsoft.Data.SqlClient\netfx\ref\Microsoft.Data.SqlClient.csproj", "{412BCCC8-19F6-489A-B594-E9A506816155}"
EndProject
Global
	GlobalSection(SolutionConfigurationPlatforms) = preSolution
		Debug|Any CPU = Debug|Any CPU
		Debug|x64 = Debug|x64
		Debug|x86 = Debug|x86
		net46-Debug|Any CPU = net46-Debug|Any CPU
		net46-Debug|x64 = net46-Debug|x64
		net46-Debug|x86 = net46-Debug|x86
		net46-Release|Any CPU = net46-Release|Any CPU
		net46-Release|x64 = net46-Release|x64
		net46-Release|x86 = net46-Release|x86
		netcoreapp2.1-Debug|Any CPU = netcoreapp2.1-Debug|Any CPU
		netcoreapp2.1-Debug|x64 = netcoreapp2.1-Debug|x64
		netcoreapp2.1-Debug|x86 = netcoreapp2.1-Debug|x86
		netcoreapp2.1-Release|Any CPU = netcoreapp2.1-Release|Any CPU
		netcoreapp2.1-Release|x64 = netcoreapp2.1-Release|x64
		netcoreapp2.1-Release|x86 = netcoreapp2.1-Release|x86
		Release|Any CPU = Release|Any CPU
		Release|x64 = Release|x64
		Release|x86 = Release|x86
	EndGlobalSection
	GlobalSection(ProjectConfigurationPlatforms) = postSolution
		{407890AC-9876-4FEF-A6F1-F36A876BAADE}.Debug|Any CPU.ActiveCfg = Debug|Any CPU
		{407890AC-9876-4FEF-A6F1-F36A876BAADE}.Debug|Any CPU.Build.0 = Debug|Any CPU
		{407890AC-9876-4FEF-A6F1-F36A876BAADE}.Debug|x64.ActiveCfg = Debug|Any CPU
		{407890AC-9876-4FEF-A6F1-F36A876BAADE}.Debug|x64.Build.0 = Debug|Any CPU
		{407890AC-9876-4FEF-A6F1-F36A876BAADE}.Debug|x86.ActiveCfg = Debug|Any CPU
		{407890AC-9876-4FEF-A6F1-F36A876BAADE}.Debug|x86.Build.0 = Debug|Any CPU
		{407890AC-9876-4FEF-A6F1-F36A876BAADE}.net46-Debug|Any CPU.ActiveCfg = Debug|Any CPU
		{407890AC-9876-4FEF-A6F1-F36A876BAADE}.net46-Debug|Any CPU.Build.0 = Debug|Any CPU
		{407890AC-9876-4FEF-A6F1-F36A876BAADE}.net46-Debug|x64.ActiveCfg = Debug|Any CPU
		{407890AC-9876-4FEF-A6F1-F36A876BAADE}.net46-Debug|x64.Build.0 = Debug|Any CPU
		{407890AC-9876-4FEF-A6F1-F36A876BAADE}.net46-Debug|x86.ActiveCfg = Debug|Any CPU
		{407890AC-9876-4FEF-A6F1-F36A876BAADE}.net46-Debug|x86.Build.0 = Debug|Any CPU
		{407890AC-9876-4FEF-A6F1-F36A876BAADE}.net46-Release|Any CPU.ActiveCfg = Release|Any CPU
		{407890AC-9876-4FEF-A6F1-F36A876BAADE}.net46-Release|Any CPU.Build.0 = Release|Any CPU
		{407890AC-9876-4FEF-A6F1-F36A876BAADE}.net46-Release|x64.ActiveCfg = Release|Any CPU
		{407890AC-9876-4FEF-A6F1-F36A876BAADE}.net46-Release|x64.Build.0 = Release|Any CPU
		{407890AC-9876-4FEF-A6F1-F36A876BAADE}.net46-Release|x86.ActiveCfg = Release|Any CPU
		{407890AC-9876-4FEF-A6F1-F36A876BAADE}.net46-Release|x86.Build.0 = Release|Any CPU
		{407890AC-9876-4FEF-A6F1-F36A876BAADE}.netcoreapp2.1-Debug|Any CPU.ActiveCfg = Debug|Any CPU
		{407890AC-9876-4FEF-A6F1-F36A876BAADE}.netcoreapp2.1-Debug|Any CPU.Build.0 = Debug|Any CPU
		{407890AC-9876-4FEF-A6F1-F36A876BAADE}.netcoreapp2.1-Debug|x64.ActiveCfg = Debug|Any CPU
		{407890AC-9876-4FEF-A6F1-F36A876BAADE}.netcoreapp2.1-Debug|x64.Build.0 = Debug|Any CPU
		{407890AC-9876-4FEF-A6F1-F36A876BAADE}.netcoreapp2.1-Debug|x86.ActiveCfg = Debug|Any CPU
		{407890AC-9876-4FEF-A6F1-F36A876BAADE}.netcoreapp2.1-Debug|x86.Build.0 = Debug|Any CPU
		{407890AC-9876-4FEF-A6F1-F36A876BAADE}.netcoreapp2.1-Release|Any CPU.ActiveCfg = Release|Any CPU
		{407890AC-9876-4FEF-A6F1-F36A876BAADE}.netcoreapp2.1-Release|Any CPU.Build.0 = Release|Any CPU
		{407890AC-9876-4FEF-A6F1-F36A876BAADE}.netcoreapp2.1-Release|x64.ActiveCfg = Release|Any CPU
		{407890AC-9876-4FEF-A6F1-F36A876BAADE}.netcoreapp2.1-Release|x64.Build.0 = Release|Any CPU
		{407890AC-9876-4FEF-A6F1-F36A876BAADE}.netcoreapp2.1-Release|x86.ActiveCfg = Release|Any CPU
		{407890AC-9876-4FEF-A6F1-F36A876BAADE}.netcoreapp2.1-Release|x86.Build.0 = Release|Any CPU
		{407890AC-9876-4FEF-A6F1-F36A876BAADE}.Release|Any CPU.ActiveCfg = Release|Any CPU
		{407890AC-9876-4FEF-A6F1-F36A876BAADE}.Release|Any CPU.Build.0 = Release|Any CPU
		{407890AC-9876-4FEF-A6F1-F36A876BAADE}.Release|x64.ActiveCfg = Release|Any CPU
		{407890AC-9876-4FEF-A6F1-F36A876BAADE}.Release|x64.Build.0 = Release|Any CPU
		{407890AC-9876-4FEF-A6F1-F36A876BAADE}.Release|x86.ActiveCfg = Release|Any CPU
		{407890AC-9876-4FEF-A6F1-F36A876BAADE}.Release|x86.Build.0 = Release|Any CPU
		{1FF891B4-D3DE-4CCE-887C-CB48F5351A45}.Debug|Any CPU.ActiveCfg = Debug|Any CPU
		{1FF891B4-D3DE-4CCE-887C-CB48F5351A45}.Debug|Any CPU.Build.0 = Debug|Any CPU
		{1FF891B4-D3DE-4CCE-887C-CB48F5351A45}.Debug|x64.ActiveCfg = Debug|Any CPU
		{1FF891B4-D3DE-4CCE-887C-CB48F5351A45}.Debug|x64.Build.0 = Debug|Any CPU
		{1FF891B4-D3DE-4CCE-887C-CB48F5351A45}.Debug|x86.ActiveCfg = Debug|Any CPU
		{1FF891B4-D3DE-4CCE-887C-CB48F5351A45}.Debug|x86.Build.0 = Debug|Any CPU
		{1FF891B4-D3DE-4CCE-887C-CB48F5351A45}.net46-Debug|Any CPU.ActiveCfg = net46-Debug|Any CPU
		{1FF891B4-D3DE-4CCE-887C-CB48F5351A45}.net46-Debug|Any CPU.Build.0 = net46-Debug|Any CPU
		{1FF891B4-D3DE-4CCE-887C-CB48F5351A45}.net46-Debug|x64.ActiveCfg = net46-Debug|x64
		{1FF891B4-D3DE-4CCE-887C-CB48F5351A45}.net46-Debug|x64.Build.0 = net46-Debug|x64
		{1FF891B4-D3DE-4CCE-887C-CB48F5351A45}.net46-Debug|x86.ActiveCfg = net46-Debug|x86
		{1FF891B4-D3DE-4CCE-887C-CB48F5351A45}.net46-Debug|x86.Build.0 = net46-Debug|x86
		{1FF891B4-D3DE-4CCE-887C-CB48F5351A45}.net46-Release|Any CPU.ActiveCfg = net46-Release|Any CPU
		{1FF891B4-D3DE-4CCE-887C-CB48F5351A45}.net46-Release|Any CPU.Build.0 = net46-Release|Any CPU
		{1FF891B4-D3DE-4CCE-887C-CB48F5351A45}.net46-Release|x64.ActiveCfg = net46-Release|x64
		{1FF891B4-D3DE-4CCE-887C-CB48F5351A45}.net46-Release|x64.Build.0 = net46-Release|x64
		{1FF891B4-D3DE-4CCE-887C-CB48F5351A45}.net46-Release|x86.ActiveCfg = net46-Release|x86
		{1FF891B4-D3DE-4CCE-887C-CB48F5351A45}.net46-Release|x86.Build.0 = net46-Release|x86
		{1FF891B4-D3DE-4CCE-887C-CB48F5351A45}.netcoreapp2.1-Debug|Any CPU.ActiveCfg = netcoreapp2.1-Debug|Any CPU
		{1FF891B4-D3DE-4CCE-887C-CB48F5351A45}.netcoreapp2.1-Debug|Any CPU.Build.0 = netcoreapp2.1-Debug|Any CPU
		{1FF891B4-D3DE-4CCE-887C-CB48F5351A45}.netcoreapp2.1-Debug|x64.ActiveCfg = netcoreapp2.1-Debug|Any CPU
		{1FF891B4-D3DE-4CCE-887C-CB48F5351A45}.netcoreapp2.1-Debug|x64.Build.0 = netcoreapp2.1-Debug|Any CPU
		{1FF891B4-D3DE-4CCE-887C-CB48F5351A45}.netcoreapp2.1-Debug|x86.ActiveCfg = netcoreapp2.1-Debug|Any CPU
		{1FF891B4-D3DE-4CCE-887C-CB48F5351A45}.netcoreapp2.1-Debug|x86.Build.0 = netcoreapp2.1-Debug|Any CPU
		{1FF891B4-D3DE-4CCE-887C-CB48F5351A45}.netcoreapp2.1-Release|Any CPU.ActiveCfg = netcoreapp2.1-Release|Any CPU
		{1FF891B4-D3DE-4CCE-887C-CB48F5351A45}.netcoreapp2.1-Release|Any CPU.Build.0 = netcoreapp2.1-Release|Any CPU
		{1FF891B4-D3DE-4CCE-887C-CB48F5351A45}.netcoreapp2.1-Release|x64.ActiveCfg = netcoreapp2.1-Release|Any CPU
		{1FF891B4-D3DE-4CCE-887C-CB48F5351A45}.netcoreapp2.1-Release|x64.Build.0 = netcoreapp2.1-Release|Any CPU
		{1FF891B4-D3DE-4CCE-887C-CB48F5351A45}.netcoreapp2.1-Release|x86.ActiveCfg = netcoreapp2.1-Release|Any CPU
		{1FF891B4-D3DE-4CCE-887C-CB48F5351A45}.netcoreapp2.1-Release|x86.Build.0 = netcoreapp2.1-Release|Any CPU
		{1FF891B4-D3DE-4CCE-887C-CB48F5351A45}.Release|Any CPU.ActiveCfg = Release|Any CPU
		{1FF891B4-D3DE-4CCE-887C-CB48F5351A45}.Release|Any CPU.Build.0 = Release|Any CPU
		{1FF891B4-D3DE-4CCE-887C-CB48F5351A45}.Release|x64.ActiveCfg = Release|Any CPU
		{1FF891B4-D3DE-4CCE-887C-CB48F5351A45}.Release|x64.Build.0 = Release|Any CPU
		{1FF891B4-D3DE-4CCE-887C-CB48F5351A45}.Release|x86.ActiveCfg = Release|Any CPU
		{1FF891B4-D3DE-4CCE-887C-CB48F5351A45}.Release|x86.Build.0 = Release|Any CPU
		{978063D3-FBB5-4E10-8C45-67C90BE1B931}.Debug|Any CPU.ActiveCfg = Debug|Any CPU
		{978063D3-FBB5-4E10-8C45-67C90BE1B931}.Debug|Any CPU.Build.0 = Debug|Any CPU
		{978063D3-FBB5-4E10-8C45-67C90BE1B931}.Debug|x64.ActiveCfg = Debug|Any CPU
		{978063D3-FBB5-4E10-8C45-67C90BE1B931}.Debug|x64.Build.0 = Debug|Any CPU
		{978063D3-FBB5-4E10-8C45-67C90BE1B931}.Debug|x86.ActiveCfg = Debug|Any CPU
		{978063D3-FBB5-4E10-8C45-67C90BE1B931}.Debug|x86.Build.0 = Debug|Any CPU
		{978063D3-FBB5-4E10-8C45-67C90BE1B931}.net46-Debug|Any CPU.ActiveCfg = net46-Debug|Any CPU
		{978063D3-FBB5-4E10-8C45-67C90BE1B931}.net46-Debug|Any CPU.Build.0 = net46-Debug|Any CPU
		{978063D3-FBB5-4E10-8C45-67C90BE1B931}.net46-Debug|x64.ActiveCfg = net46-Debug|x64
		{978063D3-FBB5-4E10-8C45-67C90BE1B931}.net46-Debug|x64.Build.0 = net46-Debug|x64
		{978063D3-FBB5-4E10-8C45-67C90BE1B931}.net46-Debug|x86.ActiveCfg = net46-Debug|x86
		{978063D3-FBB5-4E10-8C45-67C90BE1B931}.net46-Debug|x86.Build.0 = net46-Debug|x86
		{978063D3-FBB5-4E10-8C45-67C90BE1B931}.net46-Release|Any CPU.ActiveCfg = net46-Release|Any CPU
		{978063D3-FBB5-4E10-8C45-67C90BE1B931}.net46-Release|Any CPU.Build.0 = net46-Release|Any CPU
		{978063D3-FBB5-4E10-8C45-67C90BE1B931}.net46-Release|x64.ActiveCfg = net46-Release|x64
		{978063D3-FBB5-4E10-8C45-67C90BE1B931}.net46-Release|x64.Build.0 = net46-Release|x64
		{978063D3-FBB5-4E10-8C45-67C90BE1B931}.net46-Release|x86.ActiveCfg = net46-Release|x86
		{978063D3-FBB5-4E10-8C45-67C90BE1B931}.net46-Release|x86.Build.0 = net46-Release|x86
		{978063D3-FBB5-4E10-8C45-67C90BE1B931}.netcoreapp2.1-Debug|Any CPU.ActiveCfg = netcoreapp2.1-Debug|Any CPU
		{978063D3-FBB5-4E10-8C45-67C90BE1B931}.netcoreapp2.1-Debug|Any CPU.Build.0 = netcoreapp2.1-Debug|Any CPU
		{978063D3-FBB5-4E10-8C45-67C90BE1B931}.netcoreapp2.1-Debug|x64.ActiveCfg = netcoreapp2.1-Debug|Any CPU
		{978063D3-FBB5-4E10-8C45-67C90BE1B931}.netcoreapp2.1-Debug|x64.Build.0 = netcoreapp2.1-Debug|Any CPU
		{978063D3-FBB5-4E10-8C45-67C90BE1B931}.netcoreapp2.1-Debug|x86.ActiveCfg = netcoreapp2.1-Debug|Any CPU
		{978063D3-FBB5-4E10-8C45-67C90BE1B931}.netcoreapp2.1-Debug|x86.Build.0 = netcoreapp2.1-Debug|Any CPU
		{978063D3-FBB5-4E10-8C45-67C90BE1B931}.netcoreapp2.1-Release|Any CPU.ActiveCfg = netcoreapp2.1-Release|Any CPU
		{978063D3-FBB5-4E10-8C45-67C90BE1B931}.netcoreapp2.1-Release|Any CPU.Build.0 = netcoreapp2.1-Release|Any CPU
		{978063D3-FBB5-4E10-8C45-67C90BE1B931}.netcoreapp2.1-Release|x64.ActiveCfg = netcoreapp2.1-Release|Any CPU
		{978063D3-FBB5-4E10-8C45-67C90BE1B931}.netcoreapp2.1-Release|x64.Build.0 = netcoreapp2.1-Release|Any CPU
		{978063D3-FBB5-4E10-8C45-67C90BE1B931}.netcoreapp2.1-Release|x86.ActiveCfg = netcoreapp2.1-Release|Any CPU
		{978063D3-FBB5-4E10-8C45-67C90BE1B931}.netcoreapp2.1-Release|x86.Build.0 = netcoreapp2.1-Release|Any CPU
		{978063D3-FBB5-4E10-8C45-67C90BE1B931}.Release|Any CPU.ActiveCfg = Release|Any CPU
		{978063D3-FBB5-4E10-8C45-67C90BE1B931}.Release|Any CPU.Build.0 = Release|Any CPU
		{978063D3-FBB5-4E10-8C45-67C90BE1B931}.Release|x64.ActiveCfg = Release|Any CPU
		{978063D3-FBB5-4E10-8C45-67C90BE1B931}.Release|x64.Build.0 = Release|Any CPU
		{978063D3-FBB5-4E10-8C45-67C90BE1B931}.Release|x86.ActiveCfg = Release|Any CPU
		{978063D3-FBB5-4E10-8C45-67C90BE1B931}.Release|x86.Build.0 = Release|Any CPU
		{8DC9D1A0-351B-47BC-A90F-B9DA542550E9}.Debug|Any CPU.ActiveCfg = Debug|Any CPU
		{8DC9D1A0-351B-47BC-A90F-B9DA542550E9}.Debug|Any CPU.Build.0 = Debug|Any CPU
		{8DC9D1A0-351B-47BC-A90F-B9DA542550E9}.Debug|x64.ActiveCfg = Debug|Any CPU
		{8DC9D1A0-351B-47BC-A90F-B9DA542550E9}.Debug|x64.Build.0 = Debug|Any CPU
		{8DC9D1A0-351B-47BC-A90F-B9DA542550E9}.Debug|x86.ActiveCfg = Debug|Any CPU
		{8DC9D1A0-351B-47BC-A90F-B9DA542550E9}.Debug|x86.Build.0 = Debug|Any CPU
		{8DC9D1A0-351B-47BC-A90F-B9DA542550E9}.net46-Debug|Any CPU.ActiveCfg = net46-Debug|Any CPU
		{8DC9D1A0-351B-47BC-A90F-B9DA542550E9}.net46-Debug|Any CPU.Build.0 = net46-Debug|Any CPU
		{8DC9D1A0-351B-47BC-A90F-B9DA542550E9}.net46-Debug|x64.ActiveCfg = net46-Debug|x64
		{8DC9D1A0-351B-47BC-A90F-B9DA542550E9}.net46-Debug|x64.Build.0 = net46-Debug|x64
		{8DC9D1A0-351B-47BC-A90F-B9DA542550E9}.net46-Debug|x86.ActiveCfg = net46-Debug|x86
		{8DC9D1A0-351B-47BC-A90F-B9DA542550E9}.net46-Debug|x86.Build.0 = net46-Debug|x86
		{8DC9D1A0-351B-47BC-A90F-B9DA542550E9}.net46-Release|Any CPU.ActiveCfg = net46-Release|Any CPU
		{8DC9D1A0-351B-47BC-A90F-B9DA542550E9}.net46-Release|Any CPU.Build.0 = net46-Release|Any CPU
		{8DC9D1A0-351B-47BC-A90F-B9DA542550E9}.net46-Release|x64.ActiveCfg = net46-Release|x64
		{8DC9D1A0-351B-47BC-A90F-B9DA542550E9}.net46-Release|x64.Build.0 = net46-Release|x64
		{8DC9D1A0-351B-47BC-A90F-B9DA542550E9}.net46-Release|x86.ActiveCfg = net46-Release|x86
		{8DC9D1A0-351B-47BC-A90F-B9DA542550E9}.net46-Release|x86.Build.0 = net46-Release|x86
		{8DC9D1A0-351B-47BC-A90F-B9DA542550E9}.netcoreapp2.1-Debug|Any CPU.ActiveCfg = netcoreapp2.1-Debug|Any CPU
		{8DC9D1A0-351B-47BC-A90F-B9DA542550E9}.netcoreapp2.1-Debug|Any CPU.Build.0 = netcoreapp2.1-Debug|Any CPU
		{8DC9D1A0-351B-47BC-A90F-B9DA542550E9}.netcoreapp2.1-Debug|x64.ActiveCfg = netcoreapp2.1-Debug|Any CPU
		{8DC9D1A0-351B-47BC-A90F-B9DA542550E9}.netcoreapp2.1-Debug|x64.Build.0 = netcoreapp2.1-Debug|Any CPU
		{8DC9D1A0-351B-47BC-A90F-B9DA542550E9}.netcoreapp2.1-Debug|x86.ActiveCfg = netcoreapp2.1-Debug|Any CPU
		{8DC9D1A0-351B-47BC-A90F-B9DA542550E9}.netcoreapp2.1-Debug|x86.Build.0 = netcoreapp2.1-Debug|Any CPU
		{8DC9D1A0-351B-47BC-A90F-B9DA542550E9}.netcoreapp2.1-Release|Any CPU.ActiveCfg = netcoreapp2.1-Release|Any CPU
		{8DC9D1A0-351B-47BC-A90F-B9DA542550E9}.netcoreapp2.1-Release|Any CPU.Build.0 = netcoreapp2.1-Release|Any CPU
		{8DC9D1A0-351B-47BC-A90F-B9DA542550E9}.netcoreapp2.1-Release|x64.ActiveCfg = netcoreapp2.1-Release|Any CPU
		{8DC9D1A0-351B-47BC-A90F-B9DA542550E9}.netcoreapp2.1-Release|x64.Build.0 = netcoreapp2.1-Release|Any CPU
		{8DC9D1A0-351B-47BC-A90F-B9DA542550E9}.netcoreapp2.1-Release|x86.ActiveCfg = netcoreapp2.1-Release|Any CPU
		{8DC9D1A0-351B-47BC-A90F-B9DA542550E9}.netcoreapp2.1-Release|x86.Build.0 = netcoreapp2.1-Release|Any CPU
		{8DC9D1A0-351B-47BC-A90F-B9DA542550E9}.Release|Any CPU.ActiveCfg = Release|Any CPU
		{8DC9D1A0-351B-47BC-A90F-B9DA542550E9}.Release|Any CPU.Build.0 = Release|Any CPU
		{8DC9D1A0-351B-47BC-A90F-B9DA542550E9}.Release|x64.ActiveCfg = Release|Any CPU
		{8DC9D1A0-351B-47BC-A90F-B9DA542550E9}.Release|x64.Build.0 = Release|Any CPU
		{8DC9D1A0-351B-47BC-A90F-B9DA542550E9}.Release|x86.ActiveCfg = Release|Any CPU
		{8DC9D1A0-351B-47BC-A90F-B9DA542550E9}.Release|x86.Build.0 = Release|Any CPU
		{EBDB0247-CA43-4226-B7A1-8FEF21061D09}.Debug|Any CPU.ActiveCfg = Debug|Any CPU
		{EBDB0247-CA43-4226-B7A1-8FEF21061D09}.Debug|Any CPU.Build.0 = Debug|Any CPU
		{EBDB0247-CA43-4226-B7A1-8FEF21061D09}.Debug|x64.ActiveCfg = Debug|Any CPU
		{EBDB0247-CA43-4226-B7A1-8FEF21061D09}.Debug|x64.Build.0 = Debug|Any CPU
		{EBDB0247-CA43-4226-B7A1-8FEF21061D09}.Debug|x86.ActiveCfg = Debug|Any CPU
		{EBDB0247-CA43-4226-B7A1-8FEF21061D09}.Debug|x86.Build.0 = Debug|Any CPU
		{EBDB0247-CA43-4226-B7A1-8FEF21061D09}.net46-Debug|Any CPU.ActiveCfg = net46-Debug|Any CPU
		{EBDB0247-CA43-4226-B7A1-8FEF21061D09}.net46-Debug|Any CPU.Build.0 = net46-Debug|Any CPU
		{EBDB0247-CA43-4226-B7A1-8FEF21061D09}.net46-Debug|x64.ActiveCfg = net46-Debug|x64
		{EBDB0247-CA43-4226-B7A1-8FEF21061D09}.net46-Debug|x64.Build.0 = net46-Debug|x64
		{EBDB0247-CA43-4226-B7A1-8FEF21061D09}.net46-Debug|x86.ActiveCfg = net46-Debug|x86
		{EBDB0247-CA43-4226-B7A1-8FEF21061D09}.net46-Debug|x86.Build.0 = net46-Debug|x86
		{EBDB0247-CA43-4226-B7A1-8FEF21061D09}.net46-Release|Any CPU.ActiveCfg = net46-Release|Any CPU
		{EBDB0247-CA43-4226-B7A1-8FEF21061D09}.net46-Release|Any CPU.Build.0 = net46-Release|Any CPU
		{EBDB0247-CA43-4226-B7A1-8FEF21061D09}.net46-Release|x64.ActiveCfg = net46-Release|x64
		{EBDB0247-CA43-4226-B7A1-8FEF21061D09}.net46-Release|x64.Build.0 = net46-Release|x64
		{EBDB0247-CA43-4226-B7A1-8FEF21061D09}.net46-Release|x86.ActiveCfg = net46-Release|x86
		{EBDB0247-CA43-4226-B7A1-8FEF21061D09}.net46-Release|x86.Build.0 = net46-Release|x86
		{EBDB0247-CA43-4226-B7A1-8FEF21061D09}.netcoreapp2.1-Debug|Any CPU.ActiveCfg = netcoreapp2.1-Debug|Any CPU
		{EBDB0247-CA43-4226-B7A1-8FEF21061D09}.netcoreapp2.1-Debug|Any CPU.Build.0 = netcoreapp2.1-Debug|Any CPU
		{EBDB0247-CA43-4226-B7A1-8FEF21061D09}.netcoreapp2.1-Debug|x64.ActiveCfg = netcoreapp2.1-Debug|Any CPU
		{EBDB0247-CA43-4226-B7A1-8FEF21061D09}.netcoreapp2.1-Debug|x64.Build.0 = netcoreapp2.1-Debug|Any CPU
		{EBDB0247-CA43-4226-B7A1-8FEF21061D09}.netcoreapp2.1-Debug|x86.ActiveCfg = netcoreapp2.1-Debug|Any CPU
		{EBDB0247-CA43-4226-B7A1-8FEF21061D09}.netcoreapp2.1-Debug|x86.Build.0 = netcoreapp2.1-Debug|Any CPU
		{EBDB0247-CA43-4226-B7A1-8FEF21061D09}.netcoreapp2.1-Release|Any CPU.ActiveCfg = netcoreapp2.1-Release|Any CPU
		{EBDB0247-CA43-4226-B7A1-8FEF21061D09}.netcoreapp2.1-Release|Any CPU.Build.0 = netcoreapp2.1-Release|Any CPU
		{EBDB0247-CA43-4226-B7A1-8FEF21061D09}.netcoreapp2.1-Release|x64.ActiveCfg = netcoreapp2.1-Release|Any CPU
		{EBDB0247-CA43-4226-B7A1-8FEF21061D09}.netcoreapp2.1-Release|x64.Build.0 = netcoreapp2.1-Release|Any CPU
		{EBDB0247-CA43-4226-B7A1-8FEF21061D09}.netcoreapp2.1-Release|x86.ActiveCfg = netcoreapp2.1-Release|Any CPU
		{EBDB0247-CA43-4226-B7A1-8FEF21061D09}.netcoreapp2.1-Release|x86.Build.0 = netcoreapp2.1-Release|Any CPU
		{EBDB0247-CA43-4226-B7A1-8FEF21061D09}.Release|Any CPU.ActiveCfg = Release|Any CPU
		{EBDB0247-CA43-4226-B7A1-8FEF21061D09}.Release|Any CPU.Build.0 = Release|Any CPU
		{EBDB0247-CA43-4226-B7A1-8FEF21061D09}.Release|x64.ActiveCfg = Release|Any CPU
		{EBDB0247-CA43-4226-B7A1-8FEF21061D09}.Release|x64.Build.0 = Release|Any CPU
		{EBDB0247-CA43-4226-B7A1-8FEF21061D09}.Release|x86.ActiveCfg = Release|Any CPU
		{EBDB0247-CA43-4226-B7A1-8FEF21061D09}.Release|x86.Build.0 = Release|Any CPU
		{D2D1E2D1-B6E0-489F-A36D-1F3047AB87B9}.Debug|Any CPU.ActiveCfg = Debug|Any CPU
		{D2D1E2D1-B6E0-489F-A36D-1F3047AB87B9}.Debug|Any CPU.Build.0 = Debug|Any CPU
		{D2D1E2D1-B6E0-489F-A36D-1F3047AB87B9}.Debug|x64.ActiveCfg = Debug|Any CPU
		{D2D1E2D1-B6E0-489F-A36D-1F3047AB87B9}.Debug|x64.Build.0 = Debug|Any CPU
		{D2D1E2D1-B6E0-489F-A36D-1F3047AB87B9}.Debug|x86.ActiveCfg = Debug|Any CPU
		{D2D1E2D1-B6E0-489F-A36D-1F3047AB87B9}.Debug|x86.Build.0 = Debug|Any CPU
		{D2D1E2D1-B6E0-489F-A36D-1F3047AB87B9}.net46-Debug|Any CPU.ActiveCfg = net46-Debug|Any CPU
		{D2D1E2D1-B6E0-489F-A36D-1F3047AB87B9}.net46-Debug|Any CPU.Build.0 = net46-Debug|Any CPU
		{D2D1E2D1-B6E0-489F-A36D-1F3047AB87B9}.net46-Debug|x64.ActiveCfg = net46-Debug|x64
		{D2D1E2D1-B6E0-489F-A36D-1F3047AB87B9}.net46-Debug|x64.Build.0 = net46-Debug|x64
		{D2D1E2D1-B6E0-489F-A36D-1F3047AB87B9}.net46-Debug|x86.ActiveCfg = net46-Debug|x86
		{D2D1E2D1-B6E0-489F-A36D-1F3047AB87B9}.net46-Debug|x86.Build.0 = net46-Debug|x86
		{D2D1E2D1-B6E0-489F-A36D-1F3047AB87B9}.net46-Release|Any CPU.ActiveCfg = net46-Release|Any CPU
		{D2D1E2D1-B6E0-489F-A36D-1F3047AB87B9}.net46-Release|Any CPU.Build.0 = net46-Release|Any CPU
		{D2D1E2D1-B6E0-489F-A36D-1F3047AB87B9}.net46-Release|x64.ActiveCfg = net46-Release|x64
		{D2D1E2D1-B6E0-489F-A36D-1F3047AB87B9}.net46-Release|x64.Build.0 = net46-Release|x64
		{D2D1E2D1-B6E0-489F-A36D-1F3047AB87B9}.net46-Release|x86.ActiveCfg = net46-Release|x86
		{D2D1E2D1-B6E0-489F-A36D-1F3047AB87B9}.net46-Release|x86.Build.0 = net46-Release|x86
		{D2D1E2D1-B6E0-489F-A36D-1F3047AB87B9}.netcoreapp2.1-Debug|Any CPU.ActiveCfg = netcoreapp2.1-Debug|Any CPU
		{D2D1E2D1-B6E0-489F-A36D-1F3047AB87B9}.netcoreapp2.1-Debug|Any CPU.Build.0 = netcoreapp2.1-Debug|Any CPU
		{D2D1E2D1-B6E0-489F-A36D-1F3047AB87B9}.netcoreapp2.1-Debug|x64.ActiveCfg = netcoreapp2.1-Debug|Any CPU
		{D2D1E2D1-B6E0-489F-A36D-1F3047AB87B9}.netcoreapp2.1-Debug|x64.Build.0 = netcoreapp2.1-Debug|Any CPU
		{D2D1E2D1-B6E0-489F-A36D-1F3047AB87B9}.netcoreapp2.1-Debug|x86.ActiveCfg = netcoreapp2.1-Debug|Any CPU
		{D2D1E2D1-B6E0-489F-A36D-1F3047AB87B9}.netcoreapp2.1-Debug|x86.Build.0 = netcoreapp2.1-Debug|Any CPU
		{D2D1E2D1-B6E0-489F-A36D-1F3047AB87B9}.netcoreapp2.1-Release|Any CPU.ActiveCfg = netcoreapp2.1-Release|Any CPU
		{D2D1E2D1-B6E0-489F-A36D-1F3047AB87B9}.netcoreapp2.1-Release|Any CPU.Build.0 = netcoreapp2.1-Release|Any CPU
		{D2D1E2D1-B6E0-489F-A36D-1F3047AB87B9}.netcoreapp2.1-Release|x64.ActiveCfg = netcoreapp2.1-Release|Any CPU
		{D2D1E2D1-B6E0-489F-A36D-1F3047AB87B9}.netcoreapp2.1-Release|x64.Build.0 = netcoreapp2.1-Release|Any CPU
		{D2D1E2D1-B6E0-489F-A36D-1F3047AB87B9}.netcoreapp2.1-Release|x86.ActiveCfg = netcoreapp2.1-Release|Any CPU
		{D2D1E2D1-B6E0-489F-A36D-1F3047AB87B9}.netcoreapp2.1-Release|x86.Build.0 = netcoreapp2.1-Release|Any CPU
		{D2D1E2D1-B6E0-489F-A36D-1F3047AB87B9}.Release|Any CPU.ActiveCfg = Release|Any CPU
		{D2D1E2D1-B6E0-489F-A36D-1F3047AB87B9}.Release|Any CPU.Build.0 = Release|Any CPU
		{D2D1E2D1-B6E0-489F-A36D-1F3047AB87B9}.Release|x64.ActiveCfg = Release|Any CPU
		{D2D1E2D1-B6E0-489F-A36D-1F3047AB87B9}.Release|x64.Build.0 = Release|Any CPU
		{D2D1E2D1-B6E0-489F-A36D-1F3047AB87B9}.Release|x86.ActiveCfg = Release|Any CPU
		{D2D1E2D1-B6E0-489F-A36D-1F3047AB87B9}.Release|x86.Build.0 = Release|Any CPU
		{37431336-5307-4184-9356-C4B7E47DC714}.Debug|Any CPU.ActiveCfg = Debug|Any CPU
		{37431336-5307-4184-9356-C4B7E47DC714}.Debug|Any CPU.Build.0 = Debug|Any CPU
		{37431336-5307-4184-9356-C4B7E47DC714}.Debug|x64.ActiveCfg = Debug|Any CPU
		{37431336-5307-4184-9356-C4B7E47DC714}.Debug|x64.Build.0 = Debug|Any CPU
		{37431336-5307-4184-9356-C4B7E47DC714}.Debug|x86.ActiveCfg = Debug|Any CPU
		{37431336-5307-4184-9356-C4B7E47DC714}.Debug|x86.Build.0 = Debug|Any CPU
		{37431336-5307-4184-9356-C4B7E47DC714}.net46-Debug|Any CPU.ActiveCfg = Debug|Any CPU
		{37431336-5307-4184-9356-C4B7E47DC714}.net46-Debug|x64.ActiveCfg = Debug|Any CPU
		{37431336-5307-4184-9356-C4B7E47DC714}.net46-Debug|x86.ActiveCfg = Debug|Any CPU
		{37431336-5307-4184-9356-C4B7E47DC714}.net46-Release|Any CPU.ActiveCfg = Release|Any CPU
		{37431336-5307-4184-9356-C4B7E47DC714}.net46-Release|x64.ActiveCfg = Release|Any CPU
		{37431336-5307-4184-9356-C4B7E47DC714}.net46-Release|x86.ActiveCfg = Release|Any CPU
		{37431336-5307-4184-9356-C4B7E47DC714}.netcoreapp2.1-Debug|Any CPU.ActiveCfg = netcoreapp2.1-Debug|Any CPU
		{37431336-5307-4184-9356-C4B7E47DC714}.netcoreapp2.1-Debug|Any CPU.Build.0 = netcoreapp2.1-Debug|Any CPU
		{37431336-5307-4184-9356-C4B7E47DC714}.netcoreapp2.1-Debug|x64.ActiveCfg = netcoreapp2.1-Debug|Any CPU
		{37431336-5307-4184-9356-C4B7E47DC714}.netcoreapp2.1-Debug|x64.Build.0 = netcoreapp2.1-Debug|Any CPU
		{37431336-5307-4184-9356-C4B7E47DC714}.netcoreapp2.1-Debug|x86.ActiveCfg = netcoreapp2.1-Debug|Any CPU
		{37431336-5307-4184-9356-C4B7E47DC714}.netcoreapp2.1-Debug|x86.Build.0 = netcoreapp2.1-Debug|Any CPU
		{37431336-5307-4184-9356-C4B7E47DC714}.netcoreapp2.1-Release|Any CPU.ActiveCfg = netcoreapp2.1-Release|Any CPU
		{37431336-5307-4184-9356-C4B7E47DC714}.netcoreapp2.1-Release|Any CPU.Build.0 = netcoreapp2.1-Release|Any CPU
		{37431336-5307-4184-9356-C4B7E47DC714}.netcoreapp2.1-Release|x64.ActiveCfg = netcoreapp2.1-Release|Any CPU
		{37431336-5307-4184-9356-C4B7E47DC714}.netcoreapp2.1-Release|x64.Build.0 = netcoreapp2.1-Release|Any CPU
		{37431336-5307-4184-9356-C4B7E47DC714}.netcoreapp2.1-Release|x86.ActiveCfg = netcoreapp2.1-Release|Any CPU
		{37431336-5307-4184-9356-C4B7E47DC714}.netcoreapp2.1-Release|x86.Build.0 = netcoreapp2.1-Release|Any CPU
		{37431336-5307-4184-9356-C4B7E47DC714}.Release|Any CPU.ActiveCfg = Release|Any CPU
		{37431336-5307-4184-9356-C4B7E47DC714}.Release|Any CPU.Build.0 = Release|Any CPU
		{37431336-5307-4184-9356-C4B7E47DC714}.Release|x64.ActiveCfg = Release|Any CPU
		{37431336-5307-4184-9356-C4B7E47DC714}.Release|x64.Build.0 = Release|Any CPU
		{37431336-5307-4184-9356-C4B7E47DC714}.Release|x86.ActiveCfg = Release|Any CPU
		{37431336-5307-4184-9356-C4B7E47DC714}.Release|x86.Build.0 = Release|Any CPU
		{D1392B54-998A-4F27-BC17-4CE149117BCC}.Debug|Any CPU.ActiveCfg = Debug|Any CPU
		{D1392B54-998A-4F27-BC17-4CE149117BCC}.Debug|Any CPU.Build.0 = Debug|Any CPU
		{D1392B54-998A-4F27-BC17-4CE149117BCC}.Debug|x64.ActiveCfg = Debug|Any CPU
		{D1392B54-998A-4F27-BC17-4CE149117BCC}.Debug|x64.Build.0 = Debug|Any CPU
		{D1392B54-998A-4F27-BC17-4CE149117BCC}.Debug|x86.ActiveCfg = Debug|Any CPU
		{D1392B54-998A-4F27-BC17-4CE149117BCC}.Debug|x86.Build.0 = Debug|Any CPU
		{D1392B54-998A-4F27-BC17-4CE149117BCC}.net46-Debug|Any CPU.ActiveCfg = net46-Debug|Any CPU
		{D1392B54-998A-4F27-BC17-4CE149117BCC}.net46-Debug|Any CPU.Build.0 = net46-Debug|Any CPU
		{D1392B54-998A-4F27-BC17-4CE149117BCC}.net46-Debug|x64.ActiveCfg = net46-Debug|x64
		{D1392B54-998A-4F27-BC17-4CE149117BCC}.net46-Debug|x64.Build.0 = net46-Debug|x64
		{D1392B54-998A-4F27-BC17-4CE149117BCC}.net46-Debug|x86.ActiveCfg = net46-Debug|x86
		{D1392B54-998A-4F27-BC17-4CE149117BCC}.net46-Debug|x86.Build.0 = net46-Debug|x86
		{D1392B54-998A-4F27-BC17-4CE149117BCC}.net46-Release|Any CPU.ActiveCfg = net46-Release|Any CPU
		{D1392B54-998A-4F27-BC17-4CE149117BCC}.net46-Release|Any CPU.Build.0 = net46-Release|Any CPU
		{D1392B54-998A-4F27-BC17-4CE149117BCC}.net46-Release|x64.ActiveCfg = net46-Release|x64
		{D1392B54-998A-4F27-BC17-4CE149117BCC}.net46-Release|x64.Build.0 = net46-Release|x64
		{D1392B54-998A-4F27-BC17-4CE149117BCC}.net46-Release|x86.ActiveCfg = net46-Release|x86
		{D1392B54-998A-4F27-BC17-4CE149117BCC}.net46-Release|x86.Build.0 = net46-Release|x86
		{D1392B54-998A-4F27-BC17-4CE149117BCC}.netcoreapp2.1-Debug|Any CPU.ActiveCfg = netcoreapp2.1-Debug|Any CPU
		{D1392B54-998A-4F27-BC17-4CE149117BCC}.netcoreapp2.1-Debug|Any CPU.Build.0 = netcoreapp2.1-Debug|Any CPU
		{D1392B54-998A-4F27-BC17-4CE149117BCC}.netcoreapp2.1-Debug|x64.ActiveCfg = netcoreapp2.1-Debug|Any CPU
		{D1392B54-998A-4F27-BC17-4CE149117BCC}.netcoreapp2.1-Debug|x64.Build.0 = netcoreapp2.1-Debug|Any CPU
		{D1392B54-998A-4F27-BC17-4CE149117BCC}.netcoreapp2.1-Debug|x86.ActiveCfg = netcoreapp2.1-Debug|Any CPU
		{D1392B54-998A-4F27-BC17-4CE149117BCC}.netcoreapp2.1-Debug|x86.Build.0 = netcoreapp2.1-Debug|Any CPU
		{D1392B54-998A-4F27-BC17-4CE149117BCC}.netcoreapp2.1-Release|Any CPU.ActiveCfg = netcoreapp2.1-Release|Any CPU
		{D1392B54-998A-4F27-BC17-4CE149117BCC}.netcoreapp2.1-Release|Any CPU.Build.0 = netcoreapp2.1-Release|Any CPU
		{D1392B54-998A-4F27-BC17-4CE149117BCC}.netcoreapp2.1-Release|x64.ActiveCfg = netcoreapp2.1-Release|Any CPU
		{D1392B54-998A-4F27-BC17-4CE149117BCC}.netcoreapp2.1-Release|x64.Build.0 = netcoreapp2.1-Release|Any CPU
		{D1392B54-998A-4F27-BC17-4CE149117BCC}.netcoreapp2.1-Release|x86.ActiveCfg = netcoreapp2.1-Release|Any CPU
		{D1392B54-998A-4F27-BC17-4CE149117BCC}.netcoreapp2.1-Release|x86.Build.0 = netcoreapp2.1-Release|Any CPU
		{D1392B54-998A-4F27-BC17-4CE149117BCC}.Release|Any CPU.ActiveCfg = Release|Any CPU
		{D1392B54-998A-4F27-BC17-4CE149117BCC}.Release|Any CPU.Build.0 = Release|Any CPU
		{D1392B54-998A-4F27-BC17-4CE149117BCC}.Release|x64.ActiveCfg = Release|Any CPU
		{D1392B54-998A-4F27-BC17-4CE149117BCC}.Release|x64.Build.0 = Release|Any CPU
		{D1392B54-998A-4F27-BC17-4CE149117BCC}.Release|x86.ActiveCfg = Release|Any CPU
		{D1392B54-998A-4F27-BC17-4CE149117BCC}.Release|x86.Build.0 = Release|Any CPU
		{45DB5F86-7AE3-45C6-870D-F9357B66BDB5}.Debug|Any CPU.ActiveCfg = Debug|Any CPU
		{45DB5F86-7AE3-45C6-870D-F9357B66BDB5}.Debug|Any CPU.Build.0 = Debug|Any CPU
		{45DB5F86-7AE3-45C6-870D-F9357B66BDB5}.Debug|x64.ActiveCfg = Debug|Any CPU
		{45DB5F86-7AE3-45C6-870D-F9357B66BDB5}.Debug|x64.Build.0 = Debug|Any CPU
		{45DB5F86-7AE3-45C6-870D-F9357B66BDB5}.Debug|x86.ActiveCfg = Debug|Any CPU
		{45DB5F86-7AE3-45C6-870D-F9357B66BDB5}.Debug|x86.Build.0 = Debug|Any CPU
		{45DB5F86-7AE3-45C6-870D-F9357B66BDB5}.net46-Debug|Any CPU.ActiveCfg = net46-Debug|Any CPU
		{45DB5F86-7AE3-45C6-870D-F9357B66BDB5}.net46-Debug|Any CPU.Build.0 = net46-Debug|Any CPU
		{45DB5F86-7AE3-45C6-870D-F9357B66BDB5}.net46-Debug|x64.ActiveCfg = net46-Debug|x64
		{45DB5F86-7AE3-45C6-870D-F9357B66BDB5}.net46-Debug|x64.Build.0 = net46-Debug|x64
		{45DB5F86-7AE3-45C6-870D-F9357B66BDB5}.net46-Debug|x86.ActiveCfg = net46-Debug|x86
		{45DB5F86-7AE3-45C6-870D-F9357B66BDB5}.net46-Debug|x86.Build.0 = net46-Debug|x86
		{45DB5F86-7AE3-45C6-870D-F9357B66BDB5}.net46-Release|Any CPU.ActiveCfg = net46-Release|Any CPU
		{45DB5F86-7AE3-45C6-870D-F9357B66BDB5}.net46-Release|Any CPU.Build.0 = net46-Release|Any CPU
		{45DB5F86-7AE3-45C6-870D-F9357B66BDB5}.net46-Release|x64.ActiveCfg = net46-Release|x64
		{45DB5F86-7AE3-45C6-870D-F9357B66BDB5}.net46-Release|x64.Build.0 = net46-Release|x64
		{45DB5F86-7AE3-45C6-870D-F9357B66BDB5}.net46-Release|x86.ActiveCfg = net46-Release|x86
		{45DB5F86-7AE3-45C6-870D-F9357B66BDB5}.net46-Release|x86.Build.0 = net46-Release|x86
		{45DB5F86-7AE3-45C6-870D-F9357B66BDB5}.netcoreapp2.1-Debug|Any CPU.ActiveCfg = netcoreapp2.1-Debug|Any CPU
		{45DB5F86-7AE3-45C6-870D-F9357B66BDB5}.netcoreapp2.1-Debug|Any CPU.Build.0 = netcoreapp2.1-Debug|Any CPU
		{45DB5F86-7AE3-45C6-870D-F9357B66BDB5}.netcoreapp2.1-Debug|x64.ActiveCfg = netcoreapp2.1-Debug|Any CPU
		{45DB5F86-7AE3-45C6-870D-F9357B66BDB5}.netcoreapp2.1-Debug|x64.Build.0 = netcoreapp2.1-Debug|Any CPU
		{45DB5F86-7AE3-45C6-870D-F9357B66BDB5}.netcoreapp2.1-Debug|x86.ActiveCfg = netcoreapp2.1-Debug|Any CPU
		{45DB5F86-7AE3-45C6-870D-F9357B66BDB5}.netcoreapp2.1-Debug|x86.Build.0 = netcoreapp2.1-Debug|Any CPU
		{45DB5F86-7AE3-45C6-870D-F9357B66BDB5}.netcoreapp2.1-Release|Any CPU.ActiveCfg = netcoreapp2.1-Release|Any CPU
		{45DB5F86-7AE3-45C6-870D-F9357B66BDB5}.netcoreapp2.1-Release|Any CPU.Build.0 = netcoreapp2.1-Release|Any CPU
		{45DB5F86-7AE3-45C6-870D-F9357B66BDB5}.netcoreapp2.1-Release|x64.ActiveCfg = netcoreapp2.1-Release|Any CPU
		{45DB5F86-7AE3-45C6-870D-F9357B66BDB5}.netcoreapp2.1-Release|x64.Build.0 = netcoreapp2.1-Release|Any CPU
		{45DB5F86-7AE3-45C6-870D-F9357B66BDB5}.netcoreapp2.1-Release|x86.ActiveCfg = netcoreapp2.1-Release|Any CPU
		{45DB5F86-7AE3-45C6-870D-F9357B66BDB5}.netcoreapp2.1-Release|x86.Build.0 = netcoreapp2.1-Release|Any CPU
		{45DB5F86-7AE3-45C6-870D-F9357B66BDB5}.Release|Any CPU.ActiveCfg = Release|Any CPU
		{45DB5F86-7AE3-45C6-870D-F9357B66BDB5}.Release|Any CPU.Build.0 = Release|Any CPU
		{45DB5F86-7AE3-45C6-870D-F9357B66BDB5}.Release|x64.ActiveCfg = Release|Any CPU
		{45DB5F86-7AE3-45C6-870D-F9357B66BDB5}.Release|x64.Build.0 = Release|Any CPU
		{45DB5F86-7AE3-45C6-870D-F9357B66BDB5}.Release|x86.ActiveCfg = Release|Any CPU
		{45DB5F86-7AE3-45C6-870D-F9357B66BDB5}.Release|x86.Build.0 = Release|Any CPU
		{6C88F00F-9597-43AD-9E5F-9B344DA3B16F}.Debug|Any CPU.ActiveCfg = Debug|Any CPU
		{6C88F00F-9597-43AD-9E5F-9B344DA3B16F}.Debug|Any CPU.Build.0 = Debug|Any CPU
		{6C88F00F-9597-43AD-9E5F-9B344DA3B16F}.Debug|x64.ActiveCfg = Debug|Any CPU
		{6C88F00F-9597-43AD-9E5F-9B344DA3B16F}.Debug|x64.Build.0 = Debug|Any CPU
		{6C88F00F-9597-43AD-9E5F-9B344DA3B16F}.Debug|x86.ActiveCfg = Debug|Any CPU
		{6C88F00F-9597-43AD-9E5F-9B344DA3B16F}.Debug|x86.Build.0 = Debug|Any CPU
		{6C88F00F-9597-43AD-9E5F-9B344DA3B16F}.net46-Debug|Any CPU.ActiveCfg = net46-Debug|Any CPU
		{6C88F00F-9597-43AD-9E5F-9B344DA3B16F}.net46-Debug|Any CPU.Build.0 = net46-Debug|Any CPU
		{6C88F00F-9597-43AD-9E5F-9B344DA3B16F}.net46-Debug|x64.ActiveCfg = net46-Debug|x64
		{6C88F00F-9597-43AD-9E5F-9B344DA3B16F}.net46-Debug|x64.Build.0 = net46-Debug|x64
		{6C88F00F-9597-43AD-9E5F-9B344DA3B16F}.net46-Debug|x86.ActiveCfg = net46-Debug|x86
		{6C88F00F-9597-43AD-9E5F-9B344DA3B16F}.net46-Debug|x86.Build.0 = net46-Debug|x86
		{6C88F00F-9597-43AD-9E5F-9B344DA3B16F}.net46-Release|Any CPU.ActiveCfg = net46-Release|Any CPU
		{6C88F00F-9597-43AD-9E5F-9B344DA3B16F}.net46-Release|Any CPU.Build.0 = net46-Release|Any CPU
		{6C88F00F-9597-43AD-9E5F-9B344DA3B16F}.net46-Release|x64.ActiveCfg = net46-Release|x64
		{6C88F00F-9597-43AD-9E5F-9B344DA3B16F}.net46-Release|x64.Build.0 = net46-Release|x64
		{6C88F00F-9597-43AD-9E5F-9B344DA3B16F}.net46-Release|x86.ActiveCfg = net46-Release|x86
		{6C88F00F-9597-43AD-9E5F-9B344DA3B16F}.net46-Release|x86.Build.0 = net46-Release|x86
		{6C88F00F-9597-43AD-9E5F-9B344DA3B16F}.netcoreapp2.1-Debug|Any CPU.ActiveCfg = netcoreapp2.1-Debug|Any CPU
		{6C88F00F-9597-43AD-9E5F-9B344DA3B16F}.netcoreapp2.1-Debug|Any CPU.Build.0 = netcoreapp2.1-Debug|Any CPU
		{6C88F00F-9597-43AD-9E5F-9B344DA3B16F}.netcoreapp2.1-Debug|x64.ActiveCfg = netcoreapp2.1-Debug|Any CPU
		{6C88F00F-9597-43AD-9E5F-9B344DA3B16F}.netcoreapp2.1-Debug|x64.Build.0 = netcoreapp2.1-Debug|Any CPU
		{6C88F00F-9597-43AD-9E5F-9B344DA3B16F}.netcoreapp2.1-Debug|x86.ActiveCfg = netcoreapp2.1-Debug|Any CPU
		{6C88F00F-9597-43AD-9E5F-9B344DA3B16F}.netcoreapp2.1-Debug|x86.Build.0 = netcoreapp2.1-Debug|Any CPU
		{6C88F00F-9597-43AD-9E5F-9B344DA3B16F}.netcoreapp2.1-Release|Any CPU.ActiveCfg = netcoreapp2.1-Release|Any CPU
		{6C88F00F-9597-43AD-9E5F-9B344DA3B16F}.netcoreapp2.1-Release|Any CPU.Build.0 = netcoreapp2.1-Release|Any CPU
		{6C88F00F-9597-43AD-9E5F-9B344DA3B16F}.netcoreapp2.1-Release|x64.ActiveCfg = netcoreapp2.1-Release|Any CPU
		{6C88F00F-9597-43AD-9E5F-9B344DA3B16F}.netcoreapp2.1-Release|x64.Build.0 = netcoreapp2.1-Release|Any CPU
		{6C88F00F-9597-43AD-9E5F-9B344DA3B16F}.netcoreapp2.1-Release|x86.ActiveCfg = netcoreapp2.1-Release|Any CPU
		{6C88F00F-9597-43AD-9E5F-9B344DA3B16F}.netcoreapp2.1-Release|x86.Build.0 = netcoreapp2.1-Release|Any CPU
		{6C88F00F-9597-43AD-9E5F-9B344DA3B16F}.Release|Any CPU.ActiveCfg = Release|Any CPU
		{6C88F00F-9597-43AD-9E5F-9B344DA3B16F}.Release|Any CPU.Build.0 = Release|Any CPU
		{6C88F00F-9597-43AD-9E5F-9B344DA3B16F}.Release|x64.ActiveCfg = Release|Any CPU
		{6C88F00F-9597-43AD-9E5F-9B344DA3B16F}.Release|x64.Build.0 = Release|Any CPU
		{6C88F00F-9597-43AD-9E5F-9B344DA3B16F}.Release|x86.ActiveCfg = Release|Any CPU
		{6C88F00F-9597-43AD-9E5F-9B344DA3B16F}.Release|x86.Build.0 = Release|Any CPU
		{B73A7063-37C3-415D-AD53-BB3DA20ABD6E}.Debug|Any CPU.ActiveCfg = Debug|Any CPU
		{B73A7063-37C3-415D-AD53-BB3DA20ABD6E}.Debug|Any CPU.Build.0 = Debug|Any CPU
		{B73A7063-37C3-415D-AD53-BB3DA20ABD6E}.Debug|x64.ActiveCfg = Debug|Any CPU
		{B73A7063-37C3-415D-AD53-BB3DA20ABD6E}.Debug|x64.Build.0 = Debug|Any CPU
		{B73A7063-37C3-415D-AD53-BB3DA20ABD6E}.Debug|x86.ActiveCfg = Debug|Any CPU
		{B73A7063-37C3-415D-AD53-BB3DA20ABD6E}.Debug|x86.Build.0 = Debug|Any CPU
		{B73A7063-37C3-415D-AD53-BB3DA20ABD6E}.net46-Debug|Any CPU.ActiveCfg = net46-Debug|Any CPU
		{B73A7063-37C3-415D-AD53-BB3DA20ABD6E}.net46-Debug|Any CPU.Build.0 = net46-Debug|Any CPU
		{B73A7063-37C3-415D-AD53-BB3DA20ABD6E}.net46-Debug|x64.ActiveCfg = net46-Debug|x64
		{B73A7063-37C3-415D-AD53-BB3DA20ABD6E}.net46-Debug|x64.Build.0 = net46-Debug|x64
		{B73A7063-37C3-415D-AD53-BB3DA20ABD6E}.net46-Debug|x86.ActiveCfg = net46-Debug|x86
		{B73A7063-37C3-415D-AD53-BB3DA20ABD6E}.net46-Debug|x86.Build.0 = net46-Debug|x86
		{B73A7063-37C3-415D-AD53-BB3DA20ABD6E}.net46-Release|Any CPU.ActiveCfg = net46-Release|Any CPU
		{B73A7063-37C3-415D-AD53-BB3DA20ABD6E}.net46-Release|Any CPU.Build.0 = net46-Release|Any CPU
		{B73A7063-37C3-415D-AD53-BB3DA20ABD6E}.net46-Release|x64.ActiveCfg = net46-Release|x64
		{B73A7063-37C3-415D-AD53-BB3DA20ABD6E}.net46-Release|x64.Build.0 = net46-Release|x64
		{B73A7063-37C3-415D-AD53-BB3DA20ABD6E}.net46-Release|x86.ActiveCfg = net46-Release|x86
		{B73A7063-37C3-415D-AD53-BB3DA20ABD6E}.net46-Release|x86.Build.0 = net46-Release|x86
		{B73A7063-37C3-415D-AD53-BB3DA20ABD6E}.netcoreapp2.1-Debug|Any CPU.ActiveCfg = netcoreapp2.1-Debug|Any CPU
		{B73A7063-37C3-415D-AD53-BB3DA20ABD6E}.netcoreapp2.1-Debug|Any CPU.Build.0 = netcoreapp2.1-Debug|Any CPU
		{B73A7063-37C3-415D-AD53-BB3DA20ABD6E}.netcoreapp2.1-Debug|x64.ActiveCfg = netcoreapp2.1-Debug|Any CPU
		{B73A7063-37C3-415D-AD53-BB3DA20ABD6E}.netcoreapp2.1-Debug|x64.Build.0 = netcoreapp2.1-Debug|Any CPU
		{B73A7063-37C3-415D-AD53-BB3DA20ABD6E}.netcoreapp2.1-Debug|x86.ActiveCfg = netcoreapp2.1-Debug|Any CPU
		{B73A7063-37C3-415D-AD53-BB3DA20ABD6E}.netcoreapp2.1-Debug|x86.Build.0 = netcoreapp2.1-Debug|Any CPU
		{B73A7063-37C3-415D-AD53-BB3DA20ABD6E}.netcoreapp2.1-Release|Any CPU.ActiveCfg = netcoreapp2.1-Release|Any CPU
		{B73A7063-37C3-415D-AD53-BB3DA20ABD6E}.netcoreapp2.1-Release|Any CPU.Build.0 = netcoreapp2.1-Release|Any CPU
		{B73A7063-37C3-415D-AD53-BB3DA20ABD6E}.netcoreapp2.1-Release|x64.ActiveCfg = netcoreapp2.1-Release|Any CPU
		{B73A7063-37C3-415D-AD53-BB3DA20ABD6E}.netcoreapp2.1-Release|x64.Build.0 = netcoreapp2.1-Release|Any CPU
		{B73A7063-37C3-415D-AD53-BB3DA20ABD6E}.netcoreapp2.1-Release|x86.ActiveCfg = netcoreapp2.1-Release|Any CPU
		{B73A7063-37C3-415D-AD53-BB3DA20ABD6E}.netcoreapp2.1-Release|x86.Build.0 = netcoreapp2.1-Release|Any CPU
		{B73A7063-37C3-415D-AD53-BB3DA20ABD6E}.Release|Any CPU.ActiveCfg = Release|Any CPU
		{B73A7063-37C3-415D-AD53-BB3DA20ABD6E}.Release|Any CPU.Build.0 = Release|Any CPU
		{B73A7063-37C3-415D-AD53-BB3DA20ABD6E}.Release|x64.ActiveCfg = Release|Any CPU
		{B73A7063-37C3-415D-AD53-BB3DA20ABD6E}.Release|x64.Build.0 = Release|Any CPU
		{B73A7063-37C3-415D-AD53-BB3DA20ABD6E}.Release|x86.ActiveCfg = Release|Any CPU
		{B73A7063-37C3-415D-AD53-BB3DA20ABD6E}.Release|x86.Build.0 = Release|Any CPU
		{E0A6BB21-574B-43D9-890D-6E1144F2EE9E}.Debug|Any CPU.ActiveCfg = Debug|Any CPU
		{E0A6BB21-574B-43D9-890D-6E1144F2EE9E}.Debug|Any CPU.Build.0 = Debug|Any CPU
		{E0A6BB21-574B-43D9-890D-6E1144F2EE9E}.Debug|x64.ActiveCfg = Debug|Any CPU
		{E0A6BB21-574B-43D9-890D-6E1144F2EE9E}.Debug|x64.Build.0 = Debug|Any CPU
		{E0A6BB21-574B-43D9-890D-6E1144F2EE9E}.Debug|x86.ActiveCfg = Debug|Any CPU
		{E0A6BB21-574B-43D9-890D-6E1144F2EE9E}.Debug|x86.Build.0 = Debug|Any CPU
		{E0A6BB21-574B-43D9-890D-6E1144F2EE9E}.net46-Debug|Any CPU.ActiveCfg = net46-Debug|Any CPU
		{E0A6BB21-574B-43D9-890D-6E1144F2EE9E}.net46-Debug|Any CPU.Build.0 = net46-Debug|Any CPU
		{E0A6BB21-574B-43D9-890D-6E1144F2EE9E}.net46-Debug|x64.ActiveCfg = net46-Debug|x64
		{E0A6BB21-574B-43D9-890D-6E1144F2EE9E}.net46-Debug|x64.Build.0 = net46-Debug|x64
		{E0A6BB21-574B-43D9-890D-6E1144F2EE9E}.net46-Debug|x86.ActiveCfg = net46-Debug|x86
		{E0A6BB21-574B-43D9-890D-6E1144F2EE9E}.net46-Debug|x86.Build.0 = net46-Debug|x86
		{E0A6BB21-574B-43D9-890D-6E1144F2EE9E}.net46-Release|Any CPU.ActiveCfg = net46-Release|Any CPU
		{E0A6BB21-574B-43D9-890D-6E1144F2EE9E}.net46-Release|Any CPU.Build.0 = net46-Release|Any CPU
		{E0A6BB21-574B-43D9-890D-6E1144F2EE9E}.net46-Release|x64.ActiveCfg = net46-Release|x64
		{E0A6BB21-574B-43D9-890D-6E1144F2EE9E}.net46-Release|x64.Build.0 = net46-Release|x64
		{E0A6BB21-574B-43D9-890D-6E1144F2EE9E}.net46-Release|x86.ActiveCfg = net46-Release|x86
		{E0A6BB21-574B-43D9-890D-6E1144F2EE9E}.net46-Release|x86.Build.0 = net46-Release|x86
		{E0A6BB21-574B-43D9-890D-6E1144F2EE9E}.netcoreapp2.1-Debug|Any CPU.ActiveCfg = netcoreapp2.1-Debug|Any CPU
		{E0A6BB21-574B-43D9-890D-6E1144F2EE9E}.netcoreapp2.1-Debug|Any CPU.Build.0 = netcoreapp2.1-Debug|Any CPU
		{E0A6BB21-574B-43D9-890D-6E1144F2EE9E}.netcoreapp2.1-Debug|x64.ActiveCfg = netcoreapp2.1-Debug|Any CPU
		{E0A6BB21-574B-43D9-890D-6E1144F2EE9E}.netcoreapp2.1-Debug|x64.Build.0 = netcoreapp2.1-Debug|Any CPU
		{E0A6BB21-574B-43D9-890D-6E1144F2EE9E}.netcoreapp2.1-Debug|x86.ActiveCfg = netcoreapp2.1-Debug|Any CPU
		{E0A6BB21-574B-43D9-890D-6E1144F2EE9E}.netcoreapp2.1-Debug|x86.Build.0 = netcoreapp2.1-Debug|Any CPU
		{E0A6BB21-574B-43D9-890D-6E1144F2EE9E}.netcoreapp2.1-Release|Any CPU.ActiveCfg = netcoreapp2.1-Release|Any CPU
		{E0A6BB21-574B-43D9-890D-6E1144F2EE9E}.netcoreapp2.1-Release|Any CPU.Build.0 = netcoreapp2.1-Release|Any CPU
		{E0A6BB21-574B-43D9-890D-6E1144F2EE9E}.netcoreapp2.1-Release|x64.ActiveCfg = netcoreapp2.1-Release|Any CPU
		{E0A6BB21-574B-43D9-890D-6E1144F2EE9E}.netcoreapp2.1-Release|x64.Build.0 = netcoreapp2.1-Release|Any CPU
		{E0A6BB21-574B-43D9-890D-6E1144F2EE9E}.netcoreapp2.1-Release|x86.ActiveCfg = netcoreapp2.1-Release|Any CPU
		{E0A6BB21-574B-43D9-890D-6E1144F2EE9E}.netcoreapp2.1-Release|x86.Build.0 = netcoreapp2.1-Release|Any CPU
		{E0A6BB21-574B-43D9-890D-6E1144F2EE9E}.Release|Any CPU.ActiveCfg = Release|Any CPU
		{E0A6BB21-574B-43D9-890D-6E1144F2EE9E}.Release|Any CPU.Build.0 = Release|Any CPU
		{E0A6BB21-574B-43D9-890D-6E1144F2EE9E}.Release|x64.ActiveCfg = Release|Any CPU
		{E0A6BB21-574B-43D9-890D-6E1144F2EE9E}.Release|x64.Build.0 = Release|Any CPU
		{E0A6BB21-574B-43D9-890D-6E1144F2EE9E}.Release|x86.ActiveCfg = Release|Any CPU
		{E0A6BB21-574B-43D9-890D-6E1144F2EE9E}.Release|x86.Build.0 = Release|Any CPU
		{1C9FC4B8-54BC-4B6C-BB3A-F5CD59D80A9B}.Debug|Any CPU.ActiveCfg = Debug|Any CPU
		{1C9FC4B8-54BC-4B6C-BB3A-F5CD59D80A9B}.Debug|Any CPU.Build.0 = Debug|Any CPU
		{1C9FC4B8-54BC-4B6C-BB3A-F5CD59D80A9B}.Debug|x64.ActiveCfg = Debug|Any CPU
		{1C9FC4B8-54BC-4B6C-BB3A-F5CD59D80A9B}.Debug|x64.Build.0 = Debug|Any CPU
		{1C9FC4B8-54BC-4B6C-BB3A-F5CD59D80A9B}.Debug|x86.ActiveCfg = Debug|Any CPU
		{1C9FC4B8-54BC-4B6C-BB3A-F5CD59D80A9B}.Debug|x86.Build.0 = Debug|Any CPU
		{1C9FC4B8-54BC-4B6C-BB3A-F5CD59D80A9B}.net46-Debug|Any CPU.ActiveCfg = Debug|Any CPU
		{1C9FC4B8-54BC-4B6C-BB3A-F5CD59D80A9B}.net46-Debug|x64.ActiveCfg = Debug|Any CPU
		{1C9FC4B8-54BC-4B6C-BB3A-F5CD59D80A9B}.net46-Debug|x86.ActiveCfg = Debug|Any CPU
		{1C9FC4B8-54BC-4B6C-BB3A-F5CD59D80A9B}.net46-Release|Any CPU.ActiveCfg = Release|Any CPU
		{1C9FC4B8-54BC-4B6C-BB3A-F5CD59D80A9B}.net46-Release|x64.ActiveCfg = Release|Any CPU
		{1C9FC4B8-54BC-4B6C-BB3A-F5CD59D80A9B}.net46-Release|x86.ActiveCfg = Release|Any CPU
		{1C9FC4B8-54BC-4B6C-BB3A-F5CD59D80A9B}.netcoreapp2.1-Debug|Any CPU.ActiveCfg = netcoreapp2.1-Debug|Any CPU
		{1C9FC4B8-54BC-4B6C-BB3A-F5CD59D80A9B}.netcoreapp2.1-Debug|Any CPU.Build.0 = netcoreapp2.1-Debug|Any CPU
		{1C9FC4B8-54BC-4B6C-BB3A-F5CD59D80A9B}.netcoreapp2.1-Debug|x64.ActiveCfg = netcoreapp2.1-Debug|Any CPU
		{1C9FC4B8-54BC-4B6C-BB3A-F5CD59D80A9B}.netcoreapp2.1-Debug|x64.Build.0 = netcoreapp2.1-Debug|Any CPU
		{1C9FC4B8-54BC-4B6C-BB3A-F5CD59D80A9B}.netcoreapp2.1-Debug|x86.ActiveCfg = netcoreapp2.1-Debug|Any CPU
		{1C9FC4B8-54BC-4B6C-BB3A-F5CD59D80A9B}.netcoreapp2.1-Debug|x86.Build.0 = netcoreapp2.1-Debug|Any CPU
		{1C9FC4B8-54BC-4B6C-BB3A-F5CD59D80A9B}.netcoreapp2.1-Release|Any CPU.ActiveCfg = netcoreapp2.1-Release|Any CPU
		{1C9FC4B8-54BC-4B6C-BB3A-F5CD59D80A9B}.netcoreapp2.1-Release|Any CPU.Build.0 = netcoreapp2.1-Release|Any CPU
		{1C9FC4B8-54BC-4B6C-BB3A-F5CD59D80A9B}.netcoreapp2.1-Release|x64.ActiveCfg = netcoreapp2.1-Release|Any CPU
		{1C9FC4B8-54BC-4B6C-BB3A-F5CD59D80A9B}.netcoreapp2.1-Release|x64.Build.0 = netcoreapp2.1-Release|Any CPU
		{1C9FC4B8-54BC-4B6C-BB3A-F5CD59D80A9B}.netcoreapp2.1-Release|x86.ActiveCfg = netcoreapp2.1-Release|Any CPU
		{1C9FC4B8-54BC-4B6C-BB3A-F5CD59D80A9B}.netcoreapp2.1-Release|x86.Build.0 = netcoreapp2.1-Release|Any CPU
		{1C9FC4B8-54BC-4B6C-BB3A-F5CD59D80A9B}.Release|Any CPU.ActiveCfg = Release|Any CPU
		{1C9FC4B8-54BC-4B6C-BB3A-F5CD59D80A9B}.Release|Any CPU.Build.0 = Release|Any CPU
		{1C9FC4B8-54BC-4B6C-BB3A-F5CD59D80A9B}.Release|x64.ActiveCfg = Release|Any CPU
		{1C9FC4B8-54BC-4B6C-BB3A-F5CD59D80A9B}.Release|x64.Build.0 = Release|Any CPU
		{1C9FC4B8-54BC-4B6C-BB3A-F5CD59D80A9B}.Release|x86.ActiveCfg = Release|Any CPU
		{1C9FC4B8-54BC-4B6C-BB3A-F5CD59D80A9B}.Release|x86.Build.0 = Release|Any CPU
		{412BCCC8-19F6-489A-B594-E9A506816155}.Debug|Any CPU.ActiveCfg = Debug|Any CPU
		{412BCCC8-19F6-489A-B594-E9A506816155}.Debug|x64.ActiveCfg = Debug|Any CPU
		{412BCCC8-19F6-489A-B594-E9A506816155}.Debug|x64.Build.0 = Debug|Any CPU
		{412BCCC8-19F6-489A-B594-E9A506816155}.Debug|x86.ActiveCfg = Debug|Any CPU
		{412BCCC8-19F6-489A-B594-E9A506816155}.Debug|x86.Build.0 = Debug|Any CPU
		{412BCCC8-19F6-489A-B594-E9A506816155}.net46-Debug|Any CPU.ActiveCfg = net46-Debug|Any CPU
		{412BCCC8-19F6-489A-B594-E9A506816155}.net46-Debug|Any CPU.Build.0 = net46-Debug|Any CPU
		{412BCCC8-19F6-489A-B594-E9A506816155}.net46-Debug|x64.ActiveCfg = net46-Debug|Any CPU
		{412BCCC8-19F6-489A-B594-E9A506816155}.net46-Debug|x64.Build.0 = net46-Debug|Any CPU
		{412BCCC8-19F6-489A-B594-E9A506816155}.net46-Debug|x86.ActiveCfg = net46-Debug|Any CPU
		{412BCCC8-19F6-489A-B594-E9A506816155}.net46-Debug|x86.Build.0 = net46-Debug|Any CPU
		{412BCCC8-19F6-489A-B594-E9A506816155}.net46-Release|Any CPU.ActiveCfg = net46-Release|Any CPU
		{412BCCC8-19F6-489A-B594-E9A506816155}.net46-Release|Any CPU.Build.0 = net46-Release|Any CPU
		{412BCCC8-19F6-489A-B594-E9A506816155}.net46-Release|x64.ActiveCfg = net46-Release|Any CPU
		{412BCCC8-19F6-489A-B594-E9A506816155}.net46-Release|x64.Build.0 = net46-Release|Any CPU
		{412BCCC8-19F6-489A-B594-E9A506816155}.net46-Release|x86.ActiveCfg = net46-Release|Any CPU
		{412BCCC8-19F6-489A-B594-E9A506816155}.net46-Release|x86.Build.0 = net46-Release|Any CPU
		{412BCCC8-19F6-489A-B594-E9A506816155}.netcoreapp2.1-Debug|Any CPU.ActiveCfg = Debug|Any CPU
		{412BCCC8-19F6-489A-B594-E9A506816155}.netcoreapp2.1-Debug|x64.ActiveCfg = Debug|Any CPU
		{412BCCC8-19F6-489A-B594-E9A506816155}.netcoreapp2.1-Debug|x86.ActiveCfg = Debug|Any CPU
		{412BCCC8-19F6-489A-B594-E9A506816155}.netcoreapp2.1-Release|Any CPU.ActiveCfg = Release|Any CPU
		{412BCCC8-19F6-489A-B594-E9A506816155}.netcoreapp2.1-Release|x64.ActiveCfg = Release|Any CPU
		{412BCCC8-19F6-489A-B594-E9A506816155}.netcoreapp2.1-Release|x86.ActiveCfg = Release|Any CPU
		{412BCCC8-19F6-489A-B594-E9A506816155}.Release|Any CPU.ActiveCfg = Release|Any CPU
		{412BCCC8-19F6-489A-B594-E9A506816155}.Release|Any CPU.Build.0 = Release|Any CPU
		{412BCCC8-19F6-489A-B594-E9A506816155}.Release|x64.ActiveCfg = Release|Any CPU
		{412BCCC8-19F6-489A-B594-E9A506816155}.Release|x64.Build.0 = Release|Any CPU
		{412BCCC8-19F6-489A-B594-E9A506816155}.Release|x86.ActiveCfg = Release|Any CPU
		{412BCCC8-19F6-489A-B594-E9A506816155}.Release|x86.Build.0 = Release|Any CPU
	EndGlobalSection
	GlobalSection(SolutionProperties) = preSolution
		HideSolutionNode = FALSE
	EndGlobalSection
	GlobalSection(NestedProjects) = preSolution
		{407890AC-9876-4FEF-A6F1-F36A876BAADE} = {3FDD425C-FE01-4B56-863E-1FCDD0677CF5}
		{1FF891B4-D3DE-4CCE-887C-CB48F5351A45} = {0CC4817A-12F3-4357-912C-09315FAAD008}
		{978063D3-FBB5-4E10-8C45-67C90BE1B931} = {0CC4817A-12F3-4357-912C-09315FAAD008}
		{8DC9D1A0-351B-47BC-A90F-B9DA542550E9} = {0CC4817A-12F3-4357-912C-09315FAAD008}
		{EBDB0247-CA43-4226-B7A1-8FEF21061D09} = {0CC4817A-12F3-4357-912C-09315FAAD008}
		{D2D1E2D1-B6E0-489F-A36D-1F3047AB87B9} = {0CC4817A-12F3-4357-912C-09315FAAD008}
		{37431336-5307-4184-9356-C4B7E47DC714} = {28E5EFE6-C9DD-4FF9-9FEC-532F72DFFA6E}
		{D1392B54-998A-4F27-BC17-4CE149117BCC} = {0CC4817A-12F3-4357-912C-09315FAAD008}
		{45DB5F86-7AE3-45C6-870D-F9357B66BDB5} = {0CC4817A-12F3-4357-912C-09315FAAD008}
		{6C88F00F-9597-43AD-9E5F-9B344DA3B16F} = {0CC4817A-12F3-4357-912C-09315FAAD008}
		{B73A7063-37C3-415D-AD53-BB3DA20ABD6E} = {0CC4817A-12F3-4357-912C-09315FAAD008}
		{E0A6BB21-574B-43D9-890D-6E1144F2EE9E} = {0CC4817A-12F3-4357-912C-09315FAAD008}
		{A2E7E470-5EFF-4828-B55E-FCBA3650F51C} = {28E5EFE6-C9DD-4FF9-9FEC-532F72DFFA6E}
		{1C9FC4B8-54BC-4B6C-BB3A-F5CD59D80A9B} = {A2E7E470-5EFF-4828-B55E-FCBA3650F51C}
		{771F3F1E-7A68-4A9D-ADA8-A24F1D5BE71D} = {3FDD425C-FE01-4B56-863E-1FCDD0677CF5}
		{412BCCC8-19F6-489A-B594-E9A506816155} = {771F3F1E-7A68-4A9D-ADA8-A24F1D5BE71D}
	EndGlobalSection
	GlobalSection(ExtensibilityGlobals) = postSolution
		SolutionGuid = {01D48116-37A2-4D33-B9EC-94793C702431}
	EndGlobalSection
EndGlobal
