name: Verify gh aw lock files

on:
  pull_request:
    paths:
      - '.github/workflows/**/*.md'
      - '.github/workflows/**/*.lock.yml'

permissions:
  contents: read

jobs:
  verify:
    runs-on: ubuntu-latest
    steps:
      - uses: actions/checkout@v4

      - name: Install gh-aw extension
        uses: github/gh-aw-actions/setup-cli@8c7d04ebf1ece56cd381446125da3e0f6896294a # v0.80.9
        with:
          version: v0.80.9

      - name: Recompile agentic workflows
        run: gh aw compile

      - name: Fail if any .lock.yml is out of date
        run: |
          if ! git diff --exit-code -- '.github/workflows/**/*.lock.yml'; then
            echo "::error::One or more .github/workflows/**/*.lock.yml files are out of date relative to their .md source (running 'gh aw compile' produced a diff)."
            echo "::error::Run 'gh aw compile' locally and commit the regenerated .lock.yml files in this PR."
            exit 1
          fi
